
Microsoft Visual Studio Solution File, Format Version 12.00
# Visual Studio 15
VisualStudioVersion = 15.0.27428.2037
MinimumVisualStudioVersion = 10.0.40219.1
Project("{FAE04EC0-301F-11D3-BF4B-00C04F79EFBC}") = "Gladys.Android", "Gladys\Gladys.Android\Gladys.Android.csproj", "{2573DD6C-7C0C-412C-8234-746BE9DF9134}"
EndProject
Project("{FAE04EC0-301F-11D3-BF4B-00C04F79EFBC}") = "Gladys.iOS", "Gladys\Gladys.iOS\Gladys.iOS.csproj", "{EE82B8ED-7A2C-4FAC-8D9A-7B6C184C1927}"
EndProject
Project("{FAE04EC0-301F-11D3-BF4B-00C04F79EFBC}") = "Gladys.UWP", "Gladys\Gladys.UWP\Gladys.UWP.csproj", "{9F92E0E7-58B8-4C28-840D-96E9301A19BD}"
EndProject
Project("{9A19103F-16F7-4668-BE54-9A1E7A4F7556}") = "Gladys", "Gladys\Gladys\Gladys.csproj", "{EDE62F62-ADF2-4927-B776-4F485375DD3C}"
EndProject
Project("{2150E333-8FDC-42A3-9474-1A3956D46DE8}") = "WebServices", "WebServices", "{EF0BDE8E-063D-4E8B-BC3F-63182F19EEC8}"
EndProject
Project("{FAE04EC0-301F-11D3-BF4B-00C04F79EFBC}") = "Gladys.WebService", "Gladys.WebService\Gladys.WebService.csproj", "{1340A172-6892-4133-8980-F6C56F545BF1}"
EndProject
Project("{9A19103F-16F7-4668-BE54-9A1E7A4F7556}") = "Gladys.Models", "Gladys.Models\Gladys.Models.csproj", "{84BBFD01-BE0B-45C5-ACDF-E839B3AEC0FD}"
EndProject
Project("{9A19103F-16F7-4668-BE54-9A1E7A4F7556}") = "Gladys.Services", "Gladys.Services\Gladys.Services.csproj", "{082267A0-0CF9-45C1-93CD-CA1B3C493D6B}"
EndProject
Project("{9A19103F-16F7-4668-BE54-9A1E7A4F7556}") = "Gladys.ViewModel", "Gladys.ViewModel\Gladys.ViewModel.csproj", "{F0D28048-343E-4A40-A509-8FF100DEDE18}"
EndProject
Project("{9A19103F-16F7-4668-BE54-9A1E7A4F7556}") = "Gladys.DependenciesServices", "Gladys.DependenciesServices\Gladys.DependenciesServices.csproj", "{95EBCDB7-9C82-492F-AA53-A3D9203E08A8}"
EndProject
Project("{2150E333-8FDC-42A3-9474-1A3956D46DE8}") = "Exe", "Exe", "{3030B2C9-AC8A-4A47-8DC2-D3696FBD8C4E}"
EndProject
Project("{FAE04EC0-301F-11D3-BF4B-00C04F79EFBC}") = "Gladys.JsonCreateur", "Gladys.JsonCreateur\Gladys.JsonCreateur.csproj", "{5D0ED492-53CF-4500-9F0D-B7E6889BA0D1}"
EndProject
Project("{FAE04EC0-301F-11D3-BF4B-00C04F79EFBC}") = "Galdys.WebServices.Test", "Galdys.WebServices.Test\Galdys.WebServices.Test.csproj", "{6DA58957-9C27-4C3F-A86B-41D6ABA100EB}"
EndProject
Project("{FAE04EC0-301F-11D3-BF4B-00C04F79EFBC}") = "Gladys.WebServices.Models", "Gladys.WebServices.Models\Gladys.WebServices.Models.csproj", "{7615D6F3-5496-4E1F-B06F-F1FD2F69E010}"
EndProject
Project("{2150E333-8FDC-42A3-9474-1A3956D46DE8}") = "Mobile", "Mobile", "{35F56F3A-B42B-4DF5-8674-D4D4A47E0074}"
EndProject
Project("{2150E333-8FDC-42A3-9474-1A3956D46DE8}") = "Common", "Common", "{48E945C6-7482-48A5-B0EC-38EE1DCAD5D7}"
EndProject
Project("{9A19103F-16F7-4668-BE54-9A1E7A4F7556}") = "Gladys.ModelsCommon", "Gladys.ModelsCommon\Gladys.ModelsCommon.csproj", "{946F36BE-32CB-4326-9603-2ECB6A20D86F}"
EndProject
Project("{FAE04EC0-301F-11D3-BF4B-00C04F79EFBC}") = "Gladys.WebServices.DB", "Gladys.WebServices.DB\Gladys.WebServices.DB.csproj", "{038E1BC1-7AF5-4846-BBAE-03664E1B04E6}"
EndProject
Project("{FAE04EC0-301F-11D3-BF4B-00C04F79EFBC}") = "Galdys.WebServices.Luis", "Galdys.WebServices.Luis\Galdys.WebServices.Luis.csproj", "{35D26395-936C-4C6C-B8F6-EE14735282A0}"
EndProject
Project("{FAE04EC0-301F-11D3-BF4B-00C04F79EFBC}") = "Gladys.WebService.Services", "Gladys.WebService.Services\Gladys.WebService.Services.csproj", "{D7967708-F895-45F0-87CB-2615E0885AF1}"
EndProject
Project("{FAE04EC0-301F-11D3-BF4B-00C04F79EFBC}") = "Gladys.CustomControls", "Gladys.CustomControls\Gladys.CustomControls.csproj", "{A650F07D-8235-4ADA-9DF8-E8776481CD5C}"
EndProject
Global
	GlobalSection(SolutionConfigurationPlatforms) = preSolution
		Ad-Hoc|Any CPU = Ad-Hoc|Any CPU
		Ad-Hoc|ARM = Ad-Hoc|ARM
		Ad-Hoc|iPhone = Ad-Hoc|iPhone
		Ad-Hoc|iPhoneSimulator = Ad-Hoc|iPhoneSimulator
		Ad-Hoc|x64 = Ad-Hoc|x64
		Ad-Hoc|x86 = Ad-Hoc|x86
		AppStore|Any CPU = AppStore|Any CPU
		AppStore|ARM = AppStore|ARM
		AppStore|iPhone = AppStore|iPhone
		AppStore|iPhoneSimulator = AppStore|iPhoneSimulator
		AppStore|x64 = AppStore|x64
		AppStore|x86 = AppStore|x86
		Debug|Any CPU = Debug|Any CPU
		Debug|ARM = Debug|ARM
		Debug|iPhone = Debug|iPhone
		Debug|iPhoneSimulator = Debug|iPhoneSimulator
		Debug|x64 = Debug|x64
		Debug|x86 = Debug|x86
		Release|Any CPU = Release|Any CPU
		Release|ARM = Release|ARM
		Release|iPhone = Release|iPhone
		Release|iPhoneSimulator = Release|iPhoneSimulator
		Release|x64 = Release|x64
		Release|x86 = Release|x86
	EndGlobalSection
	GlobalSection(ProjectConfigurationPlatforms) = postSolution
		{2573DD6C-7C0C-412C-8234-746BE9DF9134}.Ad-Hoc|Any CPU.ActiveCfg = Release|Any CPU
		{2573DD6C-7C0C-412C-8234-746BE9DF9134}.Ad-Hoc|Any CPU.Build.0 = Release|Any CPU
		{2573DD6C-7C0C-412C-8234-746BE9DF9134}.Ad-Hoc|Any CPU.Deploy.0 = Release|Any CPU
		{2573DD6C-7C0C-412C-8234-746BE9DF9134}.Ad-Hoc|ARM.ActiveCfg = Release|Any CPU
		{2573DD6C-7C0C-412C-8234-746BE9DF9134}.Ad-Hoc|ARM.Build.0 = Release|Any CPU
		{2573DD6C-7C0C-412C-8234-746BE9DF9134}.Ad-Hoc|ARM.Deploy.0 = Release|Any CPU
		{2573DD6C-7C0C-412C-8234-746BE9DF9134}.Ad-Hoc|iPhone.ActiveCfg = Release|Any CPU
		{2573DD6C-7C0C-412C-8234-746BE9DF9134}.Ad-Hoc|iPhone.Build.0 = Release|Any CPU
		{2573DD6C-7C0C-412C-8234-746BE9DF9134}.Ad-Hoc|iPhone.Deploy.0 = Release|Any CPU
		{2573DD6C-7C0C-412C-8234-746BE9DF9134}.Ad-Hoc|iPhoneSimulator.ActiveCfg = Release|Any CPU
		{2573DD6C-7C0C-412C-8234-746BE9DF9134}.Ad-Hoc|iPhoneSimulator.Build.0 = Release|Any CPU
		{2573DD6C-7C0C-412C-8234-746BE9DF9134}.Ad-Hoc|iPhoneSimulator.Deploy.0 = Release|Any CPU
		{2573DD6C-7C0C-412C-8234-746BE9DF9134}.Ad-Hoc|x64.ActiveCfg = Release|Any CPU
		{2573DD6C-7C0C-412C-8234-746BE9DF9134}.Ad-Hoc|x64.Build.0 = Release|Any CPU
		{2573DD6C-7C0C-412C-8234-746BE9DF9134}.Ad-Hoc|x64.Deploy.0 = Release|Any CPU
		{2573DD6C-7C0C-412C-8234-746BE9DF9134}.Ad-Hoc|x86.ActiveCfg = Release|Any CPU
		{2573DD6C-7C0C-412C-8234-746BE9DF9134}.Ad-Hoc|x86.Build.0 = Release|Any CPU
		{2573DD6C-7C0C-412C-8234-746BE9DF9134}.Ad-Hoc|x86.Deploy.0 = Release|Any CPU
		{2573DD6C-7C0C-412C-8234-746BE9DF9134}.AppStore|Any CPU.ActiveCfg = Release|Any CPU
		{2573DD6C-7C0C-412C-8234-746BE9DF9134}.AppStore|Any CPU.Build.0 = Release|Any CPU
		{2573DD6C-7C0C-412C-8234-746BE9DF9134}.AppStore|Any CPU.Deploy.0 = Release|Any CPU
		{2573DD6C-7C0C-412C-8234-746BE9DF9134}.AppStore|ARM.ActiveCfg = Release|Any CPU
		{2573DD6C-7C0C-412C-8234-746BE9DF9134}.AppStore|ARM.Build.0 = Release|Any CPU
		{2573DD6C-7C0C-412C-8234-746BE9DF9134}.AppStore|ARM.Deploy.0 = Release|Any CPU
		{2573DD6C-7C0C-412C-8234-746BE9DF9134}.AppStore|iPhone.ActiveCfg = Release|Any CPU
		{2573DD6C-7C0C-412C-8234-746BE9DF9134}.AppStore|iPhone.Build.0 = Release|Any CPU
		{2573DD6C-7C0C-412C-8234-746BE9DF9134}.AppStore|iPhone.Deploy.0 = Release|Any CPU
		{2573DD6C-7C0C-412C-8234-746BE9DF9134}.AppStore|iPhoneSimulator.ActiveCfg = Release|Any CPU
		{2573DD6C-7C0C-412C-8234-746BE9DF9134}.AppStore|iPhoneSimulator.Build.0 = Release|Any CPU
		{2573DD6C-7C0C-412C-8234-746BE9DF9134}.AppStore|iPhoneSimulator.Deploy.0 = Release|Any CPU
		{2573DD6C-7C0C-412C-8234-746BE9DF9134}.AppStore|x64.ActiveCfg = Release|Any CPU
		{2573DD6C-7C0C-412C-8234-746BE9DF9134}.AppStore|x64.Build.0 = Release|Any CPU
		{2573DD6C-7C0C-412C-8234-746BE9DF9134}.AppStore|x64.Deploy.0 = Release|Any CPU
		{2573DD6C-7C0C-412C-8234-746BE9DF9134}.AppStore|x86.ActiveCfg = Release|Any CPU
		{2573DD6C-7C0C-412C-8234-746BE9DF9134}.AppStore|x86.Build.0 = Release|Any CPU
		{2573DD6C-7C0C-412C-8234-746BE9DF9134}.AppStore|x86.Deploy.0 = Release|Any CPU
		{2573DD6C-7C0C-412C-8234-746BE9DF9134}.Debug|Any CPU.ActiveCfg = Debug|Any CPU
		{2573DD6C-7C0C-412C-8234-746BE9DF9134}.Debug|Any CPU.Build.0 = Debug|Any CPU
		{2573DD6C-7C0C-412C-8234-746BE9DF9134}.Debug|Any CPU.Deploy.0 = Debug|Any CPU
		{2573DD6C-7C0C-412C-8234-746BE9DF9134}.Debug|ARM.ActiveCfg = Debug|Any CPU
		{2573DD6C-7C0C-412C-8234-746BE9DF9134}.Debug|ARM.Build.0 = Debug|Any CPU
		{2573DD6C-7C0C-412C-8234-746BE9DF9134}.Debug|ARM.Deploy.0 = Debug|Any CPU
		{2573DD6C-7C0C-412C-8234-746BE9DF9134}.Debug|iPhone.ActiveCfg = Debug|Any CPU
		{2573DD6C-7C0C-412C-8234-746BE9DF9134}.Debug|iPhone.Build.0 = Debug|Any CPU
		{2573DD6C-7C0C-412C-8234-746BE9DF9134}.Debug|iPhone.Deploy.0 = Debug|Any CPU
		{2573DD6C-7C0C-412C-8234-746BE9DF9134}.Debug|iPhoneSimulator.ActiveCfg = Debug|Any CPU
		{2573DD6C-7C0C-412C-8234-746BE9DF9134}.Debug|iPhoneSimulator.Build.0 = Debug|Any CPU
		{2573DD6C-7C0C-412C-8234-746BE9DF9134}.Debug|iPhoneSimulator.Deploy.0 = Debug|Any CPU
		{2573DD6C-7C0C-412C-8234-746BE9DF9134}.Debug|x64.ActiveCfg = Debug|Any CPU
		{2573DD6C-7C0C-412C-8234-746BE9DF9134}.Debug|x64.Build.0 = Debug|Any CPU
		{2573DD6C-7C0C-412C-8234-746BE9DF9134}.Debug|x64.Deploy.0 = Debug|Any CPU
		{2573DD6C-7C0C-412C-8234-746BE9DF9134}.Debug|x86.ActiveCfg = Debug|Any CPU
		{2573DD6C-7C0C-412C-8234-746BE9DF9134}.Debug|x86.Build.0 = Debug|Any CPU
		{2573DD6C-7C0C-412C-8234-746BE9DF9134}.Debug|x86.Deploy.0 = Debug|Any CPU
		{2573DD6C-7C0C-412C-8234-746BE9DF9134}.Release|Any CPU.ActiveCfg = Release|Any CPU
		{2573DD6C-7C0C-412C-8234-746BE9DF9134}.Release|Any CPU.Build.0 = Release|Any CPU
		{2573DD6C-7C0C-412C-8234-746BE9DF9134}.Release|Any CPU.Deploy.0 = Release|Any CPU
		{2573DD6C-7C0C-412C-8234-746BE9DF9134}.Release|ARM.ActiveCfg = Release|Any CPU
		{2573DD6C-7C0C-412C-8234-746BE9DF9134}.Release|ARM.Build.0 = Release|Any CPU
		{2573DD6C-7C0C-412C-8234-746BE9DF9134}.Release|ARM.Deploy.0 = Release|Any CPU
		{2573DD6C-7C0C-412C-8234-746BE9DF9134}.Release|iPhone.ActiveCfg = Release|Any CPU
		{2573DD6C-7C0C-412C-8234-746BE9DF9134}.Release|iPhone.Build.0 = Release|Any CPU
		{2573DD6C-7C0C-412C-8234-746BE9DF9134}.Release|iPhone.Deploy.0 = Release|Any CPU
		{2573DD6C-7C0C-412C-8234-746BE9DF9134}.Release|iPhoneSimulator.ActiveCfg = Release|Any CPU
		{2573DD6C-7C0C-412C-8234-746BE9DF9134}.Release|iPhoneSimulator.Build.0 = Release|Any CPU
		{2573DD6C-7C0C-412C-8234-746BE9DF9134}.Release|iPhoneSimulator.Deploy.0 = Release|Any CPU
		{2573DD6C-7C0C-412C-8234-746BE9DF9134}.Release|x64.ActiveCfg = Release|Any CPU
		{2573DD6C-7C0C-412C-8234-746BE9DF9134}.Release|x64.Build.0 = Release|Any CPU
		{2573DD6C-7C0C-412C-8234-746BE9DF9134}.Release|x64.Deploy.0 = Release|Any CPU
		{2573DD6C-7C0C-412C-8234-746BE9DF9134}.Release|x86.ActiveCfg = Release|Any CPU
		{2573DD6C-7C0C-412C-8234-746BE9DF9134}.Release|x86.Build.0 = Release|Any CPU
		{2573DD6C-7C0C-412C-8234-746BE9DF9134}.Release|x86.Deploy.0 = Release|Any CPU
		{EE82B8ED-7A2C-4FAC-8D9A-7B6C184C1927}.Ad-Hoc|Any CPU.ActiveCfg = Ad-Hoc|iPhone
		{EE82B8ED-7A2C-4FAC-8D9A-7B6C184C1927}.Ad-Hoc|ARM.ActiveCfg = Ad-Hoc|iPhone
		{EE82B8ED-7A2C-4FAC-8D9A-7B6C184C1927}.Ad-Hoc|iPhone.ActiveCfg = Ad-Hoc|iPhone
		{EE82B8ED-7A2C-4FAC-8D9A-7B6C184C1927}.Ad-Hoc|iPhone.Build.0 = Ad-Hoc|iPhone
		{EE82B8ED-7A2C-4FAC-8D9A-7B6C184C1927}.Ad-Hoc|iPhoneSimulator.ActiveCfg = Ad-Hoc|iPhoneSimulator
		{EE82B8ED-7A2C-4FAC-8D9A-7B6C184C1927}.Ad-Hoc|iPhoneSimulator.Build.0 = Ad-Hoc|iPhoneSimulator
		{EE82B8ED-7A2C-4FAC-8D9A-7B6C184C1927}.Ad-Hoc|x64.ActiveCfg = Ad-Hoc|iPhone
		{EE82B8ED-7A2C-4FAC-8D9A-7B6C184C1927}.Ad-Hoc|x86.ActiveCfg = Ad-Hoc|iPhone
		{EE82B8ED-7A2C-4FAC-8D9A-7B6C184C1927}.AppStore|Any CPU.ActiveCfg = AppStore|iPhone
		{EE82B8ED-7A2C-4FAC-8D9A-7B6C184C1927}.AppStore|ARM.ActiveCfg = AppStore|iPhone
		{EE82B8ED-7A2C-4FAC-8D9A-7B6C184C1927}.AppStore|iPhone.ActiveCfg = AppStore|iPhone
		{EE82B8ED-7A2C-4FAC-8D9A-7B6C184C1927}.AppStore|iPhone.Build.0 = AppStore|iPhone
		{EE82B8ED-7A2C-4FAC-8D9A-7B6C184C1927}.AppStore|iPhoneSimulator.ActiveCfg = AppStore|iPhoneSimulator
		{EE82B8ED-7A2C-4FAC-8D9A-7B6C184C1927}.AppStore|iPhoneSimulator.Build.0 = AppStore|iPhoneSimulator
		{EE82B8ED-7A2C-4FAC-8D9A-7B6C184C1927}.AppStore|x64.ActiveCfg = AppStore|iPhone
		{EE82B8ED-7A2C-4FAC-8D9A-7B6C184C1927}.AppStore|x86.ActiveCfg = AppStore|iPhone
		{EE82B8ED-7A2C-4FAC-8D9A-7B6C184C1927}.Debug|Any CPU.ActiveCfg = Debug|iPhone
		{EE82B8ED-7A2C-4FAC-8D9A-7B6C184C1927}.Debug|ARM.ActiveCfg = Debug|iPhone
		{EE82B8ED-7A2C-4FAC-8D9A-7B6C184C1927}.Debug|iPhone.ActiveCfg = Debug|iPhone
		{EE82B8ED-7A2C-4FAC-8D9A-7B6C184C1927}.Debug|iPhone.Build.0 = Debug|iPhone
		{EE82B8ED-7A2C-4FAC-8D9A-7B6C184C1927}.Debug|iPhoneSimulator.ActiveCfg = Debug|iPhoneSimulator
		{EE82B8ED-7A2C-4FAC-8D9A-7B6C184C1927}.Debug|iPhoneSimulator.Build.0 = Debug|iPhoneSimulator
		{EE82B8ED-7A2C-4FAC-8D9A-7B6C184C1927}.Debug|x64.ActiveCfg = Debug|iPhone
		{EE82B8ED-7A2C-4FAC-8D9A-7B6C184C1927}.Debug|x86.ActiveCfg = Debug|iPhone
		{EE82B8ED-7A2C-4FAC-8D9A-7B6C184C1927}.Release|Any CPU.ActiveCfg = Release|iPhone
		{EE82B8ED-7A2C-4FAC-8D9A-7B6C184C1927}.Release|ARM.ActiveCfg = Release|iPhone
		{EE82B8ED-7A2C-4FAC-8D9A-7B6C184C1927}.Release|iPhone.ActiveCfg = Release|iPhone
		{EE82B8ED-7A2C-4FAC-8D9A-7B6C184C1927}.Release|iPhone.Build.0 = Release|iPhone
		{EE82B8ED-7A2C-4FAC-8D9A-7B6C184C1927}.Release|iPhoneSimulator.ActiveCfg = Release|iPhoneSimulator
		{EE82B8ED-7A2C-4FAC-8D9A-7B6C184C1927}.Release|iPhoneSimulator.Build.0 = Release|iPhoneSimulator
		{EE82B8ED-7A2C-4FAC-8D9A-7B6C184C1927}.Release|x64.ActiveCfg = Release|iPhone
		{EE82B8ED-7A2C-4FAC-8D9A-7B6C184C1927}.Release|x86.ActiveCfg = Release|iPhone
		{9F92E0E7-58B8-4C28-840D-96E9301A19BD}.Ad-Hoc|Any CPU.ActiveCfg = Release|x86
		{9F92E0E7-58B8-4C28-840D-96E9301A19BD}.Ad-Hoc|Any CPU.Build.0 = Release|x86
		{9F92E0E7-58B8-4C28-840D-96E9301A19BD}.Ad-Hoc|Any CPU.Deploy.0 = Release|x86
		{9F92E0E7-58B8-4C28-840D-96E9301A19BD}.Ad-Hoc|ARM.ActiveCfg = Release|ARM
		{9F92E0E7-58B8-4C28-840D-96E9301A19BD}.Ad-Hoc|ARM.Build.0 = Release|ARM
		{9F92E0E7-58B8-4C28-840D-96E9301A19BD}.Ad-Hoc|ARM.Deploy.0 = Release|ARM
		{9F92E0E7-58B8-4C28-840D-96E9301A19BD}.Ad-Hoc|iPhone.ActiveCfg = Release|x86
		{9F92E0E7-58B8-4C28-840D-96E9301A19BD}.Ad-Hoc|iPhone.Build.0 = Release|x86
		{9F92E0E7-58B8-4C28-840D-96E9301A19BD}.Ad-Hoc|iPhone.Deploy.0 = Release|x86
		{9F92E0E7-58B8-4C28-840D-96E9301A19BD}.Ad-Hoc|iPhoneSimulator.ActiveCfg = Release|x86
		{9F92E0E7-58B8-4C28-840D-96E9301A19BD}.Ad-Hoc|iPhoneSimulator.Build.0 = Release|x86
		{9F92E0E7-58B8-4C28-840D-96E9301A19BD}.Ad-Hoc|iPhoneSimulator.Deploy.0 = Release|x86
		{9F92E0E7-58B8-4C28-840D-96E9301A19BD}.Ad-Hoc|x64.ActiveCfg = Release|x64
		{9F92E0E7-58B8-4C28-840D-96E9301A19BD}.Ad-Hoc|x64.Build.0 = Release|x64
		{9F92E0E7-58B8-4C28-840D-96E9301A19BD}.Ad-Hoc|x64.Deploy.0 = Release|x64
		{9F92E0E7-58B8-4C28-840D-96E9301A19BD}.Ad-Hoc|x86.ActiveCfg = Release|x86
		{9F92E0E7-58B8-4C28-840D-96E9301A19BD}.Ad-Hoc|x86.Build.0 = Release|x86
		{9F92E0E7-58B8-4C28-840D-96E9301A19BD}.Ad-Hoc|x86.Deploy.0 = Release|x86
		{9F92E0E7-58B8-4C28-840D-96E9301A19BD}.AppStore|Any CPU.ActiveCfg = Release|x86
		{9F92E0E7-58B8-4C28-840D-96E9301A19BD}.AppStore|Any CPU.Build.0 = Release|x86
		{9F92E0E7-58B8-4C28-840D-96E9301A19BD}.AppStore|Any CPU.Deploy.0 = Release|x86
		{9F92E0E7-58B8-4C28-840D-96E9301A19BD}.AppStore|ARM.ActiveCfg = Release|ARM
		{9F92E0E7-58B8-4C28-840D-96E9301A19BD}.AppStore|ARM.Build.0 = Release|ARM
		{9F92E0E7-58B8-4C28-840D-96E9301A19BD}.AppStore|ARM.Deploy.0 = Release|ARM
		{9F92E0E7-58B8-4C28-840D-96E9301A19BD}.AppStore|iPhone.ActiveCfg = Release|x86
		{9F92E0E7-58B8-4C28-840D-96E9301A19BD}.AppStore|iPhone.Build.0 = Release|x86
		{9F92E0E7-58B8-4C28-840D-96E9301A19BD}.AppStore|iPhone.Deploy.0 = Release|x86
		{9F92E0E7-58B8-4C28-840D-96E9301A19BD}.AppStore|iPhoneSimulator.ActiveCfg = Release|x86
		{9F92E0E7-58B8-4C28-840D-96E9301A19BD}.AppStore|iPhoneSimulator.Build.0 = Release|x86
		{9F92E0E7-58B8-4C28-840D-96E9301A19BD}.AppStore|iPhoneSimulator.Deploy.0 = Release|x86
		{9F92E0E7-58B8-4C28-840D-96E9301A19BD}.AppStore|x64.ActiveCfg = Release|x64
		{9F92E0E7-58B8-4C28-840D-96E9301A19BD}.AppStore|x64.Build.0 = Release|x64
		{9F92E0E7-58B8-4C28-840D-96E9301A19BD}.AppStore|x64.Deploy.0 = Release|x64
		{9F92E0E7-58B8-4C28-840D-96E9301A19BD}.AppStore|x86.ActiveCfg = Release|x86
		{9F92E0E7-58B8-4C28-840D-96E9301A19BD}.AppStore|x86.Build.0 = Release|x86
		{9F92E0E7-58B8-4C28-840D-96E9301A19BD}.AppStore|x86.Deploy.0 = Release|x86
		{9F92E0E7-58B8-4C28-840D-96E9301A19BD}.Debug|Any CPU.ActiveCfg = Debug|x86
		{9F92E0E7-58B8-4C28-840D-96E9301A19BD}.Debug|ARM.ActiveCfg = Debug|ARM
		{9F92E0E7-58B8-4C28-840D-96E9301A19BD}.Debug|ARM.Build.0 = Debug|ARM
		{9F92E0E7-58B8-4C28-840D-96E9301A19BD}.Debug|ARM.Deploy.0 = Debug|ARM
		{9F92E0E7-58B8-4C28-840D-96E9301A19BD}.Debug|iPhone.ActiveCfg = Debug|x86
		{9F92E0E7-58B8-4C28-840D-96E9301A19BD}.Debug|iPhoneSimulator.ActiveCfg = Debug|x86
		{9F92E0E7-58B8-4C28-840D-96E9301A19BD}.Debug|x64.ActiveCfg = Debug|x64
		{9F92E0E7-58B8-4C28-840D-96E9301A19BD}.Debug|x64.Build.0 = Debug|x64
		{9F92E0E7-58B8-4C28-840D-96E9301A19BD}.Debug|x64.Deploy.0 = Debug|x64
		{9F92E0E7-58B8-4C28-840D-96E9301A19BD}.Debug|x86.ActiveCfg = Debug|x86
		{9F92E0E7-58B8-4C28-840D-96E9301A19BD}.Debug|x86.Build.0 = Debug|x86
		{9F92E0E7-58B8-4C28-840D-96E9301A19BD}.Debug|x86.Deploy.0 = Debug|x86
		{9F92E0E7-58B8-4C28-840D-96E9301A19BD}.Release|Any CPU.ActiveCfg = Release|x86
		{9F92E0E7-58B8-4C28-840D-96E9301A19BD}.Release|ARM.ActiveCfg = Release|ARM
		{9F92E0E7-58B8-4C28-840D-96E9301A19BD}.Release|ARM.Build.0 = Release|ARM
		{9F92E0E7-58B8-4C28-840D-96E9301A19BD}.Release|ARM.Deploy.0 = Release|ARM
		{9F92E0E7-58B8-4C28-840D-96E9301A19BD}.Release|iPhone.ActiveCfg = Release|x86
		{9F92E0E7-58B8-4C28-840D-96E9301A19BD}.Release|iPhoneSimulator.ActiveCfg = Release|x86
		{9F92E0E7-58B8-4C28-840D-96E9301A19BD}.Release|x64.ActiveCfg = Release|x64
		{9F92E0E7-58B8-4C28-840D-96E9301A19BD}.Release|x64.Build.0 = Release|x64
		{9F92E0E7-58B8-4C28-840D-96E9301A19BD}.Release|x64.Deploy.0 = Release|x64
		{9F92E0E7-58B8-4C28-840D-96E9301A19BD}.Release|x86.ActiveCfg = Release|x86
		{9F92E0E7-58B8-4C28-840D-96E9301A19BD}.Release|x86.Build.0 = Release|x86
		{9F92E0E7-58B8-4C28-840D-96E9301A19BD}.Release|x86.Deploy.0 = Release|x86
		{EDE62F62-ADF2-4927-B776-4F485375DD3C}.Ad-Hoc|Any CPU.ActiveCfg = Debug|Any CPU
		{EDE62F62-ADF2-4927-B776-4F485375DD3C}.Ad-Hoc|Any CPU.Build.0 = Debug|Any CPU
		{EDE62F62-ADF2-4927-B776-4F485375DD3C}.Ad-Hoc|ARM.ActiveCfg = Debug|Any CPU
		{EDE62F62-ADF2-4927-B776-4F485375DD3C}.Ad-Hoc|ARM.Build.0 = Debug|Any CPU
		{EDE62F62-ADF2-4927-B776-4F485375DD3C}.Ad-Hoc|iPhone.ActiveCfg = Debug|Any CPU
		{EDE62F62-ADF2-4927-B776-4F485375DD3C}.Ad-Hoc|iPhone.Build.0 = Debug|Any CPU
		{EDE62F62-ADF2-4927-B776-4F485375DD3C}.Ad-Hoc|iPhoneSimulator.ActiveCfg = Debug|Any CPU
		{EDE62F62-ADF2-4927-B776-4F485375DD3C}.Ad-Hoc|iPhoneSimulator.Build.0 = Debug|Any CPU
		{EDE62F62-ADF2-4927-B776-4F485375DD3C}.Ad-Hoc|x64.ActiveCfg = Debug|Any CPU
		{EDE62F62-ADF2-4927-B776-4F485375DD3C}.Ad-Hoc|x64.Build.0 = Debug|Any CPU
		{EDE62F62-ADF2-4927-B776-4F485375DD3C}.Ad-Hoc|x86.ActiveCfg = Debug|Any CPU
		{EDE62F62-ADF2-4927-B776-4F485375DD3C}.Ad-Hoc|x86.Build.0 = Debug|Any CPU
		{EDE62F62-ADF2-4927-B776-4F485375DD3C}.AppStore|Any CPU.ActiveCfg = Debug|Any CPU
		{EDE62F62-ADF2-4927-B776-4F485375DD3C}.AppStore|Any CPU.Build.0 = Debug|Any CPU
		{EDE62F62-ADF2-4927-B776-4F485375DD3C}.AppStore|ARM.ActiveCfg = Debug|Any CPU
		{EDE62F62-ADF2-4927-B776-4F485375DD3C}.AppStore|ARM.Build.0 = Debug|Any CPU
		{EDE62F62-ADF2-4927-B776-4F485375DD3C}.AppStore|iPhone.ActiveCfg = Debug|Any CPU
		{EDE62F62-ADF2-4927-B776-4F485375DD3C}.AppStore|iPhone.Build.0 = Debug|Any CPU
		{EDE62F62-ADF2-4927-B776-4F485375DD3C}.AppStore|iPhoneSimulator.ActiveCfg = Debug|Any CPU
		{EDE62F62-ADF2-4927-B776-4F485375DD3C}.AppStore|iPhoneSimulator.Build.0 = Debug|Any CPU
		{EDE62F62-ADF2-4927-B776-4F485375DD3C}.AppStore|x64.ActiveCfg = Debug|Any CPU
		{EDE62F62-ADF2-4927-B776-4F485375DD3C}.AppStore|x64.Build.0 = Debug|Any CPU
		{EDE62F62-ADF2-4927-B776-4F485375DD3C}.AppStore|x86.ActiveCfg = Debug|Any CPU
		{EDE62F62-ADF2-4927-B776-4F485375DD3C}.AppStore|x86.Build.0 = Debug|Any CPU
		{EDE62F62-ADF2-4927-B776-4F485375DD3C}.Debug|Any CPU.ActiveCfg = Debug|Any CPU
		{EDE62F62-ADF2-4927-B776-4F485375DD3C}.Debug|Any CPU.Build.0 = Debug|Any CPU
		{EDE62F62-ADF2-4927-B776-4F485375DD3C}.Debug|ARM.ActiveCfg = Debug|Any CPU
		{EDE62F62-ADF2-4927-B776-4F485375DD3C}.Debug|ARM.Build.0 = Debug|Any CPU
		{EDE62F62-ADF2-4927-B776-4F485375DD3C}.Debug|iPhone.ActiveCfg = Debug|Any CPU
		{EDE62F62-ADF2-4927-B776-4F485375DD3C}.Debug|iPhone.Build.0 = Debug|Any CPU
		{EDE62F62-ADF2-4927-B776-4F485375DD3C}.Debug|iPhoneSimulator.ActiveCfg = Debug|Any CPU
		{EDE62F62-ADF2-4927-B776-4F485375DD3C}.Debug|iPhoneSimulator.Build.0 = Debug|Any CPU
		{EDE62F62-ADF2-4927-B776-4F485375DD3C}.Debug|x64.ActiveCfg = Debug|Any CPU
		{EDE62F62-ADF2-4927-B776-4F485375DD3C}.Debug|x64.Build.0 = Debug|Any CPU
		{EDE62F62-ADF2-4927-B776-4F485375DD3C}.Debug|x86.ActiveCfg = Debug|Any CPU
		{EDE62F62-ADF2-4927-B776-4F485375DD3C}.Debug|x86.Build.0 = Debug|Any CPU
		{EDE62F62-ADF2-4927-B776-4F485375DD3C}.Release|Any CPU.ActiveCfg = Release|Any CPU
		{EDE62F62-ADF2-4927-B776-4F485375DD3C}.Release|Any CPU.Build.0 = Release|Any CPU
		{EDE62F62-ADF2-4927-B776-4F485375DD3C}.Release|ARM.ActiveCfg = Release|Any CPU
		{EDE62F62-ADF2-4927-B776-4F485375DD3C}.Release|ARM.Build.0 = Release|Any CPU
		{EDE62F62-ADF2-4927-B776-4F485375DD3C}.Release|iPhone.ActiveCfg = Release|Any CPU
		{EDE62F62-ADF2-4927-B776-4F485375DD3C}.Release|iPhone.Build.0 = Release|Any CPU
		{EDE62F62-ADF2-4927-B776-4F485375DD3C}.Release|iPhoneSimulator.ActiveCfg = Release|Any CPU
		{EDE62F62-ADF2-4927-B776-4F485375DD3C}.Release|iPhoneSimulator.Build.0 = Release|Any CPU
		{EDE62F62-ADF2-4927-B776-4F485375DD3C}.Release|x64.ActiveCfg = Release|Any CPU
		{EDE62F62-ADF2-4927-B776-4F485375DD3C}.Release|x64.Build.0 = Release|Any CPU
		{EDE62F62-ADF2-4927-B776-4F485375DD3C}.Release|x86.ActiveCfg = Release|Any CPU
		{EDE62F62-ADF2-4927-B776-4F485375DD3C}.Release|x86.Build.0 = Release|Any CPU
		{1340A172-6892-4133-8980-F6C56F545BF1}.Ad-Hoc|Any CPU.ActiveCfg = Release|Any CPU
		{1340A172-6892-4133-8980-F6C56F545BF1}.Ad-Hoc|Any CPU.Build.0 = Release|Any CPU
		{1340A172-6892-4133-8980-F6C56F545BF1}.Ad-Hoc|ARM.ActiveCfg = Release|Any CPU
		{1340A172-6892-4133-8980-F6C56F545BF1}.Ad-Hoc|ARM.Build.0 = Release|Any CPU
		{1340A172-6892-4133-8980-F6C56F545BF1}.Ad-Hoc|iPhone.ActiveCfg = Release|Any CPU
		{1340A172-6892-4133-8980-F6C56F545BF1}.Ad-Hoc|iPhone.Build.0 = Release|Any CPU
		{1340A172-6892-4133-8980-F6C56F545BF1}.Ad-Hoc|iPhoneSimulator.ActiveCfg = Release|Any CPU
		{1340A172-6892-4133-8980-F6C56F545BF1}.Ad-Hoc|iPhoneSimulator.Build.0 = Release|Any CPU
		{1340A172-6892-4133-8980-F6C56F545BF1}.Ad-Hoc|x64.ActiveCfg = Release|Any CPU
		{1340A172-6892-4133-8980-F6C56F545BF1}.Ad-Hoc|x64.Build.0 = Release|Any CPU
		{1340A172-6892-4133-8980-F6C56F545BF1}.Ad-Hoc|x86.ActiveCfg = Release|Any CPU
		{1340A172-6892-4133-8980-F6C56F545BF1}.Ad-Hoc|x86.Build.0 = Release|Any CPU
		{1340A172-6892-4133-8980-F6C56F545BF1}.AppStore|Any CPU.ActiveCfg = Release|Any CPU
		{1340A172-6892-4133-8980-F6C56F545BF1}.AppStore|Any CPU.Build.0 = Release|Any CPU
		{1340A172-6892-4133-8980-F6C56F545BF1}.AppStore|ARM.ActiveCfg = Release|Any CPU
		{1340A172-6892-4133-8980-F6C56F545BF1}.AppStore|ARM.Build.0 = Release|Any CPU
		{1340A172-6892-4133-8980-F6C56F545BF1}.AppStore|iPhone.ActiveCfg = Release|Any CPU
		{1340A172-6892-4133-8980-F6C56F545BF1}.AppStore|iPhone.Build.0 = Release|Any CPU
		{1340A172-6892-4133-8980-F6C56F545BF1}.AppStore|iPhoneSimulator.ActiveCfg = Release|Any CPU
		{1340A172-6892-4133-8980-F6C56F545BF1}.AppStore|iPhoneSimulator.Build.0 = Release|Any CPU
		{1340A172-6892-4133-8980-F6C56F545BF1}.AppStore|x64.ActiveCfg = Release|Any CPU
		{1340A172-6892-4133-8980-F6C56F545BF1}.AppStore|x64.Build.0 = Release|Any CPU
		{1340A172-6892-4133-8980-F6C56F545BF1}.AppStore|x86.ActiveCfg = Release|Any CPU
		{1340A172-6892-4133-8980-F6C56F545BF1}.AppStore|x86.Build.0 = Release|Any CPU
		{1340A172-6892-4133-8980-F6C56F545BF1}.Debug|Any CPU.ActiveCfg = Debug|Any CPU
		{1340A172-6892-4133-8980-F6C56F545BF1}.Debug|Any CPU.Build.0 = Debug|Any CPU
		{1340A172-6892-4133-8980-F6C56F545BF1}.Debug|ARM.ActiveCfg = Debug|Any CPU
		{1340A172-6892-4133-8980-F6C56F545BF1}.Debug|ARM.Build.0 = Debug|Any CPU
		{1340A172-6892-4133-8980-F6C56F545BF1}.Debug|iPhone.ActiveCfg = Debug|Any CPU
		{1340A172-6892-4133-8980-F6C56F545BF1}.Debug|iPhone.Build.0 = Debug|Any CPU
		{1340A172-6892-4133-8980-F6C56F545BF1}.Debug|iPhoneSimulator.ActiveCfg = Debug|Any CPU
		{1340A172-6892-4133-8980-F6C56F545BF1}.Debug|iPhoneSimulator.Build.0 = Debug|Any CPU
		{1340A172-6892-4133-8980-F6C56F545BF1}.Debug|x64.ActiveCfg = Debug|Any CPU
		{1340A172-6892-4133-8980-F6C56F545BF1}.Debug|x64.Build.0 = Debug|Any CPU
		{1340A172-6892-4133-8980-F6C56F545BF1}.Debug|x86.ActiveCfg = Debug|Any CPU
		{1340A172-6892-4133-8980-F6C56F545BF1}.Debug|x86.Build.0 = Debug|Any CPU
		{1340A172-6892-4133-8980-F6C56F545BF1}.Release|Any CPU.ActiveCfg = Release|Any CPU
		{1340A172-6892-4133-8980-F6C56F545BF1}.Release|Any CPU.Build.0 = Release|Any CPU
		{1340A172-6892-4133-8980-F6C56F545BF1}.Release|ARM.ActiveCfg = Release|Any CPU
		{1340A172-6892-4133-8980-F6C56F545BF1}.Release|ARM.Build.0 = Release|Any CPU
		{1340A172-6892-4133-8980-F6C56F545BF1}.Release|iPhone.ActiveCfg = Release|Any CPU
		{1340A172-6892-4133-8980-F6C56F545BF1}.Release|iPhone.Build.0 = Release|Any CPU
		{1340A172-6892-4133-8980-F6C56F545BF1}.Release|iPhoneSimulator.ActiveCfg = Release|Any CPU
		{1340A172-6892-4133-8980-F6C56F545BF1}.Release|iPhoneSimulator.Build.0 = Release|Any CPU
		{1340A172-6892-4133-8980-F6C56F545BF1}.Release|x64.ActiveCfg = Release|Any CPU
		{1340A172-6892-4133-8980-F6C56F545BF1}.Release|x64.Build.0 = Release|Any CPU
		{1340A172-6892-4133-8980-F6C56F545BF1}.Release|x86.ActiveCfg = Release|Any CPU
		{1340A172-6892-4133-8980-F6C56F545BF1}.Release|x86.Build.0 = Release|Any CPU
		{84BBFD01-BE0B-45C5-ACDF-E839B3AEC0FD}.Ad-Hoc|Any CPU.ActiveCfg = Debug|Any CPU
		{84BBFD01-BE0B-45C5-ACDF-E839B3AEC0FD}.Ad-Hoc|Any CPU.Build.0 = Debug|Any CPU
		{84BBFD01-BE0B-45C5-ACDF-E839B3AEC0FD}.Ad-Hoc|ARM.ActiveCfg = Debug|Any CPU
		{84BBFD01-BE0B-45C5-ACDF-E839B3AEC0FD}.Ad-Hoc|ARM.Build.0 = Debug|Any CPU
		{84BBFD01-BE0B-45C5-ACDF-E839B3AEC0FD}.Ad-Hoc|iPhone.ActiveCfg = Debug|Any CPU
		{84BBFD01-BE0B-45C5-ACDF-E839B3AEC0FD}.Ad-Hoc|iPhone.Build.0 = Debug|Any CPU
		{84BBFD01-BE0B-45C5-ACDF-E839B3AEC0FD}.Ad-Hoc|iPhoneSimulator.ActiveCfg = Debug|Any CPU
		{84BBFD01-BE0B-45C5-ACDF-E839B3AEC0FD}.Ad-Hoc|iPhoneSimulator.Build.0 = Debug|Any CPU
		{84BBFD01-BE0B-45C5-ACDF-E839B3AEC0FD}.Ad-Hoc|x64.ActiveCfg = Debug|Any CPU
		{84BBFD01-BE0B-45C5-ACDF-E839B3AEC0FD}.Ad-Hoc|x64.Build.0 = Debug|Any CPU
		{84BBFD01-BE0B-45C5-ACDF-E839B3AEC0FD}.Ad-Hoc|x86.ActiveCfg = Debug|Any CPU
		{84BBFD01-BE0B-45C5-ACDF-E839B3AEC0FD}.Ad-Hoc|x86.Build.0 = Debug|Any CPU
		{84BBFD01-BE0B-45C5-ACDF-E839B3AEC0FD}.AppStore|Any CPU.ActiveCfg = Debug|Any CPU
		{84BBFD01-BE0B-45C5-ACDF-E839B3AEC0FD}.AppStore|Any CPU.Build.0 = Debug|Any CPU
		{84BBFD01-BE0B-45C5-ACDF-E839B3AEC0FD}.AppStore|ARM.ActiveCfg = Debug|Any CPU
		{84BBFD01-BE0B-45C5-ACDF-E839B3AEC0FD}.AppStore|ARM.Build.0 = Debug|Any CPU
		{84BBFD01-BE0B-45C5-ACDF-E839B3AEC0FD}.AppStore|iPhone.ActiveCfg = Debug|Any CPU
		{84BBFD01-BE0B-45C5-ACDF-E839B3AEC0FD}.AppStore|iPhone.Build.0 = Debug|Any CPU
		{84BBFD01-BE0B-45C5-ACDF-E839B3AEC0FD}.AppStore|iPhoneSimulator.ActiveCfg = Debug|Any CPU
		{84BBFD01-BE0B-45C5-ACDF-E839B3AEC0FD}.AppStore|iPhoneSimulator.Build.0 = Debug|Any CPU
		{84BBFD01-BE0B-45C5-ACDF-E839B3AEC0FD}.AppStore|x64.ActiveCfg = Debug|Any CPU
		{84BBFD01-BE0B-45C5-ACDF-E839B3AEC0FD}.AppStore|x64.Build.0 = Debug|Any CPU
		{84BBFD01-BE0B-45C5-ACDF-E839B3AEC0FD}.AppStore|x86.ActiveCfg = Debug|Any CPU
		{84BBFD01-BE0B-45C5-ACDF-E839B3AEC0FD}.AppStore|x86.Build.0 = Debug|Any CPU
		{84BBFD01-BE0B-45C5-ACDF-E839B3AEC0FD}.Debug|Any CPU.ActiveCfg = Debug|Any CPU
		{84BBFD01-BE0B-45C5-ACDF-E839B3AEC0FD}.Debug|Any CPU.Build.0 = Debug|Any CPU
		{84BBFD01-BE0B-45C5-ACDF-E839B3AEC0FD}.Debug|ARM.ActiveCfg = Debug|Any CPU
		{84BBFD01-BE0B-45C5-ACDF-E839B3AEC0FD}.Debug|ARM.Build.0 = Debug|Any CPU
		{84BBFD01-BE0B-45C5-ACDF-E839B3AEC0FD}.Debug|iPhone.ActiveCfg = Debug|Any CPU
		{84BBFD01-BE0B-45C5-ACDF-E839B3AEC0FD}.Debug|iPhone.Build.0 = Debug|Any CPU
		{84BBFD01-BE0B-45C5-ACDF-E839B3AEC0FD}.Debug|iPhoneSimulator.ActiveCfg = Debug|Any CPU
		{84BBFD01-BE0B-45C5-ACDF-E839B3AEC0FD}.Debug|iPhoneSimulator.Build.0 = Debug|Any CPU
		{84BBFD01-BE0B-45C5-ACDF-E839B3AEC0FD}.Debug|x64.ActiveCfg = Debug|Any CPU
		{84BBFD01-BE0B-45C5-ACDF-E839B3AEC0FD}.Debug|x64.Build.0 = Debug|Any CPU
		{84BBFD01-BE0B-45C5-ACDF-E839B3AEC0FD}.Debug|x86.ActiveCfg = Debug|Any CPU
		{84BBFD01-BE0B-45C5-ACDF-E839B3AEC0FD}.Debug|x86.Build.0 = Debug|Any CPU
		{84BBFD01-BE0B-45C5-ACDF-E839B3AEC0FD}.Release|Any CPU.ActiveCfg = Release|Any CPU
		{84BBFD01-BE0B-45C5-ACDF-E839B3AEC0FD}.Release|Any CPU.Build.0 = Release|Any CPU
		{84BBFD01-BE0B-45C5-ACDF-E839B3AEC0FD}.Release|ARM.ActiveCfg = Release|Any CPU
		{84BBFD01-BE0B-45C5-ACDF-E839B3AEC0FD}.Release|ARM.Build.0 = Release|Any CPU
		{84BBFD01-BE0B-45C5-ACDF-E839B3AEC0FD}.Release|iPhone.ActiveCfg = Release|Any CPU
		{84BBFD01-BE0B-45C5-ACDF-E839B3AEC0FD}.Release|iPhone.Build.0 = Release|Any CPU
		{84BBFD01-BE0B-45C5-ACDF-E839B3AEC0FD}.Release|iPhoneSimulator.ActiveCfg = Release|Any CPU
		{84BBFD01-BE0B-45C5-ACDF-E839B3AEC0FD}.Release|iPhoneSimulator.Build.0 = Release|Any CPU
		{84BBFD01-BE0B-45C5-ACDF-E839B3AEC0FD}.Release|x64.ActiveCfg = Release|Any CPU
		{84BBFD01-BE0B-45C5-ACDF-E839B3AEC0FD}.Release|x64.Build.0 = Release|Any CPU
		{84BBFD01-BE0B-45C5-ACDF-E839B3AEC0FD}.Release|x86.ActiveCfg = Release|Any CPU
		{84BBFD01-BE0B-45C5-ACDF-E839B3AEC0FD}.Release|x86.Build.0 = Release|Any CPU
		{082267A0-0CF9-45C1-93CD-CA1B3C493D6B}.Ad-Hoc|Any CPU.ActiveCfg = Debug|Any CPU
		{082267A0-0CF9-45C1-93CD-CA1B3C493D6B}.Ad-Hoc|Any CPU.Build.0 = Debug|Any CPU
		{082267A0-0CF9-45C1-93CD-CA1B3C493D6B}.Ad-Hoc|ARM.ActiveCfg = Debug|Any CPU
		{082267A0-0CF9-45C1-93CD-CA1B3C493D6B}.Ad-Hoc|ARM.Build.0 = Debug|Any CPU
		{082267A0-0CF9-45C1-93CD-CA1B3C493D6B}.Ad-Hoc|iPhone.ActiveCfg = Debug|Any CPU
		{082267A0-0CF9-45C1-93CD-CA1B3C493D6B}.Ad-Hoc|iPhone.Build.0 = Debug|Any CPU
		{082267A0-0CF9-45C1-93CD-CA1B3C493D6B}.Ad-Hoc|iPhoneSimulator.ActiveCfg = Debug|Any CPU
		{082267A0-0CF9-45C1-93CD-CA1B3C493D6B}.Ad-Hoc|iPhoneSimulator.Build.0 = Debug|Any CPU
		{082267A0-0CF9-45C1-93CD-CA1B3C493D6B}.Ad-Hoc|x64.ActiveCfg = Debug|Any CPU
		{082267A0-0CF9-45C1-93CD-CA1B3C493D6B}.Ad-Hoc|x64.Build.0 = Debug|Any CPU
		{082267A0-0CF9-45C1-93CD-CA1B3C493D6B}.Ad-Hoc|x86.ActiveCfg = Debug|Any CPU
		{082267A0-0CF9-45C1-93CD-CA1B3C493D6B}.Ad-Hoc|x86.Build.0 = Debug|Any CPU
		{082267A0-0CF9-45C1-93CD-CA1B3C493D6B}.AppStore|Any CPU.ActiveCfg = Debug|Any CPU
		{082267A0-0CF9-45C1-93CD-CA1B3C493D6B}.AppStore|Any CPU.Build.0 = Debug|Any CPU
		{082267A0-0CF9-45C1-93CD-CA1B3C493D6B}.AppStore|ARM.ActiveCfg = Debug|Any CPU
		{082267A0-0CF9-45C1-93CD-CA1B3C493D6B}.AppStore|ARM.Build.0 = Debug|Any CPU
		{082267A0-0CF9-45C1-93CD-CA1B3C493D6B}.AppStore|iPhone.ActiveCfg = Debug|Any CPU
		{082267A0-0CF9-45C1-93CD-CA1B3C493D6B}.AppStore|iPhone.Build.0 = Debug|Any CPU
		{082267A0-0CF9-45C1-93CD-CA1B3C493D6B}.AppStore|iPhoneSimulator.ActiveCfg = Debug|Any CPU
		{082267A0-0CF9-45C1-93CD-CA1B3C493D6B}.AppStore|iPhoneSimulator.Build.0 = Debug|Any CPU
		{082267A0-0CF9-45C1-93CD-CA1B3C493D6B}.AppStore|x64.ActiveCfg = Debug|Any CPU
		{082267A0-0CF9-45C1-93CD-CA1B3C493D6B}.AppStore|x64.Build.0 = Debug|Any CPU
		{082267A0-0CF9-45C1-93CD-CA1B3C493D6B}.AppStore|x86.ActiveCfg = Debug|Any CPU
		{082267A0-0CF9-45C1-93CD-CA1B3C493D6B}.AppStore|x86.Build.0 = Debug|Any CPU
		{082267A0-0CF9-45C1-93CD-CA1B3C493D6B}.Debug|Any CPU.ActiveCfg = Debug|Any CPU
		{082267A0-0CF9-45C1-93CD-CA1B3C493D6B}.Debug|Any CPU.Build.0 = Debug|Any CPU
		{082267A0-0CF9-45C1-93CD-CA1B3C493D6B}.Debug|ARM.ActiveCfg = Debug|Any CPU
		{082267A0-0CF9-45C1-93CD-CA1B3C493D6B}.Debug|ARM.Build.0 = Debug|Any CPU
		{082267A0-0CF9-45C1-93CD-CA1B3C493D6B}.Debug|iPhone.ActiveCfg = Debug|Any CPU
		{082267A0-0CF9-45C1-93CD-CA1B3C493D6B}.Debug|iPhone.Build.0 = Debug|Any CPU
		{082267A0-0CF9-45C1-93CD-CA1B3C493D6B}.Debug|iPhoneSimulator.ActiveCfg = Debug|Any CPU
		{082267A0-0CF9-45C1-93CD-CA1B3C493D6B}.Debug|iPhoneSimulator.Build.0 = Debug|Any CPU
		{082267A0-0CF9-45C1-93CD-CA1B3C493D6B}.Debug|x64.ActiveCfg = Debug|Any CPU
		{082267A0-0CF9-45C1-93CD-CA1B3C493D6B}.Debug|x64.Build.0 = Debug|Any CPU
		{082267A0-0CF9-45C1-93CD-CA1B3C493D6B}.Debug|x86.ActiveCfg = Debug|Any CPU
		{082267A0-0CF9-45C1-93CD-CA1B3C493D6B}.Debug|x86.Build.0 = Debug|Any CPU
		{082267A0-0CF9-45C1-93CD-CA1B3C493D6B}.Release|Any CPU.ActiveCfg = Release|Any CPU
		{082267A0-0CF9-45C1-93CD-CA1B3C493D6B}.Release|Any CPU.Build.0 = Release|Any CPU
		{082267A0-0CF9-45C1-93CD-CA1B3C493D6B}.Release|ARM.ActiveCfg = Release|Any CPU
		{082267A0-0CF9-45C1-93CD-CA1B3C493D6B}.Release|ARM.Build.0 = Release|Any CPU
		{082267A0-0CF9-45C1-93CD-CA1B3C493D6B}.Release|iPhone.ActiveCfg = Release|Any CPU
		{082267A0-0CF9-45C1-93CD-CA1B3C493D6B}.Release|iPhone.Build.0 = Release|Any CPU
		{082267A0-0CF9-45C1-93CD-CA1B3C493D6B}.Release|iPhoneSimulator.ActiveCfg = Release|Any CPU
		{082267A0-0CF9-45C1-93CD-CA1B3C493D6B}.Release|iPhoneSimulator.Build.0 = Release|Any CPU
		{082267A0-0CF9-45C1-93CD-CA1B3C493D6B}.Release|x64.ActiveCfg = Release|Any CPU
		{082267A0-0CF9-45C1-93CD-CA1B3C493D6B}.Release|x64.Build.0 = Release|Any CPU
		{082267A0-0CF9-45C1-93CD-CA1B3C493D6B}.Release|x86.ActiveCfg = Release|Any CPU
		{082267A0-0CF9-45C1-93CD-CA1B3C493D6B}.Release|x86.Build.0 = Release|Any CPU
		{F0D28048-343E-4A40-A509-8FF100DEDE18}.Ad-Hoc|Any CPU.ActiveCfg = Debug|Any CPU
		{F0D28048-343E-4A40-A509-8FF100DEDE18}.Ad-Hoc|Any CPU.Build.0 = Debug|Any CPU
		{F0D28048-343E-4A40-A509-8FF100DEDE18}.Ad-Hoc|ARM.ActiveCfg = Debug|Any CPU
		{F0D28048-343E-4A40-A509-8FF100DEDE18}.Ad-Hoc|ARM.Build.0 = Debug|Any CPU
		{F0D28048-343E-4A40-A509-8FF100DEDE18}.Ad-Hoc|iPhone.ActiveCfg = Debug|Any CPU
		{F0D28048-343E-4A40-A509-8FF100DEDE18}.Ad-Hoc|iPhone.Build.0 = Debug|Any CPU
		{F0D28048-343E-4A40-A509-8FF100DEDE18}.Ad-Hoc|iPhoneSimulator.ActiveCfg = Debug|Any CPU
		{F0D28048-343E-4A40-A509-8FF100DEDE18}.Ad-Hoc|iPhoneSimulator.Build.0 = Debug|Any CPU
		{F0D28048-343E-4A40-A509-8FF100DEDE18}.Ad-Hoc|x64.ActiveCfg = Debug|Any CPU
		{F0D28048-343E-4A40-A509-8FF100DEDE18}.Ad-Hoc|x64.Build.0 = Debug|Any CPU
		{F0D28048-343E-4A40-A509-8FF100DEDE18}.Ad-Hoc|x86.ActiveCfg = Debug|Any CPU
		{F0D28048-343E-4A40-A509-8FF100DEDE18}.Ad-Hoc|x86.Build.0 = Debug|Any CPU
		{F0D28048-343E-4A40-A509-8FF100DEDE18}.AppStore|Any CPU.ActiveCfg = Debug|Any CPU
		{F0D28048-343E-4A40-A509-8FF100DEDE18}.AppStore|Any CPU.Build.0 = Debug|Any CPU
		{F0D28048-343E-4A40-A509-8FF100DEDE18}.AppStore|ARM.ActiveCfg = Debug|Any CPU
		{F0D28048-343E-4A40-A509-8FF100DEDE18}.AppStore|ARM.Build.0 = Debug|Any CPU
		{F0D28048-343E-4A40-A509-8FF100DEDE18}.AppStore|iPhone.ActiveCfg = Debug|Any CPU
		{F0D28048-343E-4A40-A509-8FF100DEDE18}.AppStore|iPhone.Build.0 = Debug|Any CPU
		{F0D28048-343E-4A40-A509-8FF100DEDE18}.AppStore|iPhoneSimulator.ActiveCfg = Debug|Any CPU
		{F0D28048-343E-4A40-A509-8FF100DEDE18}.AppStore|iPhoneSimulator.Build.0 = Debug|Any CPU
		{F0D28048-343E-4A40-A509-8FF100DEDE18}.AppStore|x64.ActiveCfg = Debug|Any CPU
		{F0D28048-343E-4A40-A509-8FF100DEDE18}.AppStore|x64.Build.0 = Debug|Any CPU
		{F0D28048-343E-4A40-A509-8FF100DEDE18}.AppStore|x86.ActiveCfg = Debug|Any CPU
		{F0D28048-343E-4A40-A509-8FF100DEDE18}.AppStore|x86.Build.0 = Debug|Any CPU
		{F0D28048-343E-4A40-A509-8FF100DEDE18}.Debug|Any CPU.ActiveCfg = Debug|Any CPU
		{F0D28048-343E-4A40-A509-8FF100DEDE18}.Debug|Any CPU.Build.0 = Debug|Any CPU
		{F0D28048-343E-4A40-A509-8FF100DEDE18}.Debug|ARM.ActiveCfg = Debug|Any CPU
		{F0D28048-343E-4A40-A509-8FF100DEDE18}.Debug|ARM.Build.0 = Debug|Any CPU
		{F0D28048-343E-4A40-A509-8FF100DEDE18}.Debug|iPhone.ActiveCfg = Debug|Any CPU
		{F0D28048-343E-4A40-A509-8FF100DEDE18}.Debug|iPhone.Build.0 = Debug|Any CPU
		{F0D28048-343E-4A40-A509-8FF100DEDE18}.Debug|iPhoneSimulator.ActiveCfg = Debug|Any CPU
		{F0D28048-343E-4A40-A509-8FF100DEDE18}.Debug|iPhoneSimulator.Build.0 = Debug|Any CPU
		{F0D28048-343E-4A40-A509-8FF100DEDE18}.Debug|x64.ActiveCfg = Debug|Any CPU
		{F0D28048-343E-4A40-A509-8FF100DEDE18}.Debug|x64.Build.0 = Debug|Any CPU
		{F0D28048-343E-4A40-A509-8FF100DEDE18}.Debug|x86.ActiveCfg = Debug|Any CPU
		{F0D28048-343E-4A40-A509-8FF100DEDE18}.Debug|x86.Build.0 = Debug|Any CPU
		{F0D28048-343E-4A40-A509-8FF100DEDE18}.Release|Any CPU.ActiveCfg = Release|Any CPU
		{F0D28048-343E-4A40-A509-8FF100DEDE18}.Release|Any CPU.Build.0 = Release|Any CPU
		{F0D28048-343E-4A40-A509-8FF100DEDE18}.Release|ARM.ActiveCfg = Release|Any CPU
		{F0D28048-343E-4A40-A509-8FF100DEDE18}.Release|ARM.Build.0 = Release|Any CPU
		{F0D28048-343E-4A40-A509-8FF100DEDE18}.Release|iPhone.ActiveCfg = Release|Any CPU
		{F0D28048-343E-4A40-A509-8FF100DEDE18}.Release|iPhone.Build.0 = Release|Any CPU
		{F0D28048-343E-4A40-A509-8FF100DEDE18}.Release|iPhoneSimulator.ActiveCfg = Release|Any CPU
		{F0D28048-343E-4A40-A509-8FF100DEDE18}.Release|iPhoneSimulator.Build.0 = Release|Any CPU
		{F0D28048-343E-4A40-A509-8FF100DEDE18}.Release|x64.ActiveCfg = Release|Any CPU
		{F0D28048-343E-4A40-A509-8FF100DEDE18}.Release|x64.Build.0 = Release|Any CPU
		{F0D28048-343E-4A40-A509-8FF100DEDE18}.Release|x86.ActiveCfg = Release|Any CPU
		{F0D28048-343E-4A40-A509-8FF100DEDE18}.Release|x86.Build.0 = Release|Any CPU
		{95EBCDB7-9C82-492F-AA53-A3D9203E08A8}.Ad-Hoc|Any CPU.ActiveCfg = Debug|Any CPU
		{95EBCDB7-9C82-492F-AA53-A3D9203E08A8}.Ad-Hoc|Any CPU.Build.0 = Debug|Any CPU
		{95EBCDB7-9C82-492F-AA53-A3D9203E08A8}.Ad-Hoc|ARM.ActiveCfg = Debug|Any CPU
		{95EBCDB7-9C82-492F-AA53-A3D9203E08A8}.Ad-Hoc|ARM.Build.0 = Debug|Any CPU
		{95EBCDB7-9C82-492F-AA53-A3D9203E08A8}.Ad-Hoc|iPhone.ActiveCfg = Debug|Any CPU
		{95EBCDB7-9C82-492F-AA53-A3D9203E08A8}.Ad-Hoc|iPhone.Build.0 = Debug|Any CPU
		{95EBCDB7-9C82-492F-AA53-A3D9203E08A8}.Ad-Hoc|iPhoneSimulator.ActiveCfg = Debug|Any CPU
		{95EBCDB7-9C82-492F-AA53-A3D9203E08A8}.Ad-Hoc|iPhoneSimulator.Build.0 = Debug|Any CPU
		{95EBCDB7-9C82-492F-AA53-A3D9203E08A8}.Ad-Hoc|x64.ActiveCfg = Debug|Any CPU
		{95EBCDB7-9C82-492F-AA53-A3D9203E08A8}.Ad-Hoc|x64.Build.0 = Debug|Any CPU
		{95EBCDB7-9C82-492F-AA53-A3D9203E08A8}.Ad-Hoc|x86.ActiveCfg = Debug|Any CPU
		{95EBCDB7-9C82-492F-AA53-A3D9203E08A8}.Ad-Hoc|x86.Build.0 = Debug|Any CPU
		{95EBCDB7-9C82-492F-AA53-A3D9203E08A8}.AppStore|Any CPU.ActiveCfg = Debug|Any CPU
		{95EBCDB7-9C82-492F-AA53-A3D9203E08A8}.AppStore|Any CPU.Build.0 = Debug|Any CPU
		{95EBCDB7-9C82-492F-AA53-A3D9203E08A8}.AppStore|ARM.ActiveCfg = Debug|Any CPU
		{95EBCDB7-9C82-492F-AA53-A3D9203E08A8}.AppStore|ARM.Build.0 = Debug|Any CPU
		{95EBCDB7-9C82-492F-AA53-A3D9203E08A8}.AppStore|iPhone.ActiveCfg = Debug|Any CPU
		{95EBCDB7-9C82-492F-AA53-A3D9203E08A8}.AppStore|iPhone.Build.0 = Debug|Any CPU
		{95EBCDB7-9C82-492F-AA53-A3D9203E08A8}.AppStore|iPhoneSimulator.ActiveCfg = Debug|Any CPU
		{95EBCDB7-9C82-492F-AA53-A3D9203E08A8}.AppStore|iPhoneSimulator.Build.0 = Debug|Any CPU
		{95EBCDB7-9C82-492F-AA53-A3D9203E08A8}.AppStore|x64.ActiveCfg = Debug|Any CPU
		{95EBCDB7-9C82-492F-AA53-A3D9203E08A8}.AppStore|x64.Build.0 = Debug|Any CPU
		{95EBCDB7-9C82-492F-AA53-A3D9203E08A8}.AppStore|x86.ActiveCfg = Debug|Any CPU
		{95EBCDB7-9C82-492F-AA53-A3D9203E08A8}.AppStore|x86.Build.0 = Debug|Any CPU
		{95EBCDB7-9C82-492F-AA53-A3D9203E08A8}.Debug|Any CPU.ActiveCfg = Debug|Any CPU
		{95EBCDB7-9C82-492F-AA53-A3D9203E08A8}.Debug|Any CPU.Build.0 = Debug|Any CPU
		{95EBCDB7-9C82-492F-AA53-A3D9203E08A8}.Debug|ARM.ActiveCfg = Debug|Any CPU
		{95EBCDB7-9C82-492F-AA53-A3D9203E08A8}.Debug|ARM.Build.0 = Debug|Any CPU
		{95EBCDB7-9C82-492F-AA53-A3D9203E08A8}.Debug|iPhone.ActiveCfg = Debug|Any CPU
		{95EBCDB7-9C82-492F-AA53-A3D9203E08A8}.Debug|iPhone.Build.0 = Debug|Any CPU
		{95EBCDB7-9C82-492F-AA53-A3D9203E08A8}.Debug|iPhoneSimulator.ActiveCfg = Debug|Any CPU
		{95EBCDB7-9C82-492F-AA53-A3D9203E08A8}.Debug|iPhoneSimulator.Build.0 = Debug|Any CPU
		{95EBCDB7-9C82-492F-AA53-A3D9203E08A8}.Debug|x64.ActiveCfg = Debug|Any CPU
		{95EBCDB7-9C82-492F-AA53-A3D9203E08A8}.Debug|x64.Build.0 = Debug|Any CPU
		{95EBCDB7-9C82-492F-AA53-A3D9203E08A8}.Debug|x86.ActiveCfg = Debug|Any CPU
		{95EBCDB7-9C82-492F-AA53-A3D9203E08A8}.Debug|x86.Build.0 = Debug|Any CPU
		{95EBCDB7-9C82-492F-AA53-A3D9203E08A8}.Release|Any CPU.ActiveCfg = Release|Any CPU
		{95EBCDB7-9C82-492F-AA53-A3D9203E08A8}.Release|Any CPU.Build.0 = Release|Any CPU
		{95EBCDB7-9C82-492F-AA53-A3D9203E08A8}.Release|ARM.ActiveCfg = Release|Any CPU
		{95EBCDB7-9C82-492F-AA53-A3D9203E08A8}.Release|ARM.Build.0 = Release|Any CPU
		{95EBCDB7-9C82-492F-AA53-A3D9203E08A8}.Release|iPhone.ActiveCfg = Release|Any CPU
		{95EBCDB7-9C82-492F-AA53-A3D9203E08A8}.Release|iPhone.Build.0 = Release|Any CPU
		{95EBCDB7-9C82-492F-AA53-A3D9203E08A8}.Release|iPhoneSimulator.ActiveCfg = Release|Any CPU
		{95EBCDB7-9C82-492F-AA53-A3D9203E08A8}.Release|iPhoneSimulator.Build.0 = Release|Any CPU
		{95EBCDB7-9C82-492F-AA53-A3D9203E08A8}.Release|x64.ActiveCfg = Release|Any CPU
		{95EBCDB7-9C82-492F-AA53-A3D9203E08A8}.Release|x64.Build.0 = Release|Any CPU
		{95EBCDB7-9C82-492F-AA53-A3D9203E08A8}.Release|x86.ActiveCfg = Release|Any CPU
		{95EBCDB7-9C82-492F-AA53-A3D9203E08A8}.Release|x86.Build.0 = Release|Any CPU
		{5D0ED492-53CF-4500-9F0D-B7E6889BA0D1}.Ad-Hoc|Any CPU.ActiveCfg = Release|Any CPU
		{5D0ED492-53CF-4500-9F0D-B7E6889BA0D1}.Ad-Hoc|Any CPU.Build.0 = Release|Any CPU
		{5D0ED492-53CF-4500-9F0D-B7E6889BA0D1}.Ad-Hoc|ARM.ActiveCfg = Release|Any CPU
		{5D0ED492-53CF-4500-9F0D-B7E6889BA0D1}.Ad-Hoc|ARM.Build.0 = Release|Any CPU
		{5D0ED492-53CF-4500-9F0D-B7E6889BA0D1}.Ad-Hoc|iPhone.ActiveCfg = Release|Any CPU
		{5D0ED492-53CF-4500-9F0D-B7E6889BA0D1}.Ad-Hoc|iPhone.Build.0 = Release|Any CPU
		{5D0ED492-53CF-4500-9F0D-B7E6889BA0D1}.Ad-Hoc|iPhoneSimulator.ActiveCfg = Release|Any CPU
		{5D0ED492-53CF-4500-9F0D-B7E6889BA0D1}.Ad-Hoc|iPhoneSimulator.Build.0 = Release|Any CPU
		{5D0ED492-53CF-4500-9F0D-B7E6889BA0D1}.Ad-Hoc|x64.ActiveCfg = Release|Any CPU
		{5D0ED492-53CF-4500-9F0D-B7E6889BA0D1}.Ad-Hoc|x64.Build.0 = Release|Any CPU
		{5D0ED492-53CF-4500-9F0D-B7E6889BA0D1}.Ad-Hoc|x86.ActiveCfg = Release|Any CPU
		{5D0ED492-53CF-4500-9F0D-B7E6889BA0D1}.Ad-Hoc|x86.Build.0 = Release|Any CPU
		{5D0ED492-53CF-4500-9F0D-B7E6889BA0D1}.AppStore|Any CPU.ActiveCfg = Release|Any CPU
		{5D0ED492-53CF-4500-9F0D-B7E6889BA0D1}.AppStore|Any CPU.Build.0 = Release|Any CPU
		{5D0ED492-53CF-4500-9F0D-B7E6889BA0D1}.AppStore|ARM.ActiveCfg = Release|Any CPU
		{5D0ED492-53CF-4500-9F0D-B7E6889BA0D1}.AppStore|ARM.Build.0 = Release|Any CPU
		{5D0ED492-53CF-4500-9F0D-B7E6889BA0D1}.AppStore|iPhone.ActiveCfg = Release|Any CPU
		{5D0ED492-53CF-4500-9F0D-B7E6889BA0D1}.AppStore|iPhone.Build.0 = Release|Any CPU
		{5D0ED492-53CF-4500-9F0D-B7E6889BA0D1}.AppStore|iPhoneSimulator.ActiveCfg = Release|Any CPU
		{5D0ED492-53CF-4500-9F0D-B7E6889BA0D1}.AppStore|iPhoneSimulator.Build.0 = Release|Any CPU
		{5D0ED492-53CF-4500-9F0D-B7E6889BA0D1}.AppStore|x64.ActiveCfg = Release|Any CPU
		{5D0ED492-53CF-4500-9F0D-B7E6889BA0D1}.AppStore|x64.Build.0 = Release|Any CPU
		{5D0ED492-53CF-4500-9F0D-B7E6889BA0D1}.AppStore|x86.ActiveCfg = Release|Any CPU
		{5D0ED492-53CF-4500-9F0D-B7E6889BA0D1}.AppStore|x86.Build.0 = Release|Any CPU
		{5D0ED492-53CF-4500-9F0D-B7E6889BA0D1}.Debug|Any CPU.ActiveCfg = Debug|Any CPU
		{5D0ED492-53CF-4500-9F0D-B7E6889BA0D1}.Debug|Any CPU.Build.0 = Debug|Any CPU
		{5D0ED492-53CF-4500-9F0D-B7E6889BA0D1}.Debug|ARM.ActiveCfg = Debug|Any CPU
		{5D0ED492-53CF-4500-9F0D-B7E6889BA0D1}.Debug|ARM.Build.0 = Debug|Any CPU
		{5D0ED492-53CF-4500-9F0D-B7E6889BA0D1}.Debug|iPhone.ActiveCfg = Debug|Any CPU
		{5D0ED492-53CF-4500-9F0D-B7E6889BA0D1}.Debug|iPhone.Build.0 = Debug|Any CPU
		{5D0ED492-53CF-4500-9F0D-B7E6889BA0D1}.Debug|iPhoneSimulator.ActiveCfg = Debug|Any CPU
		{5D0ED492-53CF-4500-9F0D-B7E6889BA0D1}.Debug|iPhoneSimulator.Build.0 = Debug|Any CPU
		{5D0ED492-53CF-4500-9F0D-B7E6889BA0D1}.Debug|x64.ActiveCfg = Debug|Any CPU
		{5D0ED492-53CF-4500-9F0D-B7E6889BA0D1}.Debug|x64.Build.0 = Debug|Any CPU
		{5D0ED492-53CF-4500-9F0D-B7E6889BA0D1}.Debug|x86.ActiveCfg = Debug|Any CPU
		{5D0ED492-53CF-4500-9F0D-B7E6889BA0D1}.Debug|x86.Build.0 = Debug|Any CPU
		{5D0ED492-53CF-4500-9F0D-B7E6889BA0D1}.Release|Any CPU.ActiveCfg = Release|Any CPU
		{5D0ED492-53CF-4500-9F0D-B7E6889BA0D1}.Release|Any CPU.Build.0 = Release|Any CPU
		{5D0ED492-53CF-4500-9F0D-B7E6889BA0D1}.Release|ARM.ActiveCfg = Release|Any CPU
		{5D0ED492-53CF-4500-9F0D-B7E6889BA0D1}.Release|ARM.Build.0 = Release|Any CPU
		{5D0ED492-53CF-4500-9F0D-B7E6889BA0D1}.Release|iPhone.ActiveCfg = Release|Any CPU
		{5D0ED492-53CF-4500-9F0D-B7E6889BA0D1}.Release|iPhone.Build.0 = Release|Any CPU
		{5D0ED492-53CF-4500-9F0D-B7E6889BA0D1}.Release|iPhoneSimulator.ActiveCfg = Release|Any CPU
		{5D0ED492-53CF-4500-9F0D-B7E6889BA0D1}.Release|iPhoneSimulator.Build.0 = Release|Any CPU
		{5D0ED492-53CF-4500-9F0D-B7E6889BA0D1}.Release|x64.ActiveCfg = Release|Any CPU
		{5D0ED492-53CF-4500-9F0D-B7E6889BA0D1}.Release|x64.Build.0 = Release|Any CPU
		{5D0ED492-53CF-4500-9F0D-B7E6889BA0D1}.Release|x86.ActiveCfg = Release|Any CPU
		{5D0ED492-53CF-4500-9F0D-B7E6889BA0D1}.Release|x86.Build.0 = Release|Any CPU
		{6DA58957-9C27-4C3F-A86B-41D6ABA100EB}.Ad-Hoc|Any CPU.ActiveCfg = Release|Any CPU
		{6DA58957-9C27-4C3F-A86B-41D6ABA100EB}.Ad-Hoc|Any CPU.Build.0 = Release|Any CPU
		{6DA58957-9C27-4C3F-A86B-41D6ABA100EB}.Ad-Hoc|ARM.ActiveCfg = Release|Any CPU
		{6DA58957-9C27-4C3F-A86B-41D6ABA100EB}.Ad-Hoc|ARM.Build.0 = Release|Any CPU
		{6DA58957-9C27-4C3F-A86B-41D6ABA100EB}.Ad-Hoc|iPhone.ActiveCfg = Release|Any CPU
		{6DA58957-9C27-4C3F-A86B-41D6ABA100EB}.Ad-Hoc|iPhone.Build.0 = Release|Any CPU
		{6DA58957-9C27-4C3F-A86B-41D6ABA100EB}.Ad-Hoc|iPhoneSimulator.ActiveCfg = Release|Any CPU
		{6DA58957-9C27-4C3F-A86B-41D6ABA100EB}.Ad-Hoc|iPhoneSimulator.Build.0 = Release|Any CPU
		{6DA58957-9C27-4C3F-A86B-41D6ABA100EB}.Ad-Hoc|x64.ActiveCfg = Release|Any CPU
		{6DA58957-9C27-4C3F-A86B-41D6ABA100EB}.Ad-Hoc|x64.Build.0 = Release|Any CPU
		{6DA58957-9C27-4C3F-A86B-41D6ABA100EB}.Ad-Hoc|x86.ActiveCfg = Release|Any CPU
		{6DA58957-9C27-4C3F-A86B-41D6ABA100EB}.Ad-Hoc|x86.Build.0 = Release|Any CPU
		{6DA58957-9C27-4C3F-A86B-41D6ABA100EB}.AppStore|Any CPU.ActiveCfg = Release|Any CPU
		{6DA58957-9C27-4C3F-A86B-41D6ABA100EB}.AppStore|Any CPU.Build.0 = Release|Any CPU
		{6DA58957-9C27-4C3F-A86B-41D6ABA100EB}.AppStore|ARM.ActiveCfg = Release|Any CPU
		{6DA58957-9C27-4C3F-A86B-41D6ABA100EB}.AppStore|ARM.Build.0 = Release|Any CPU
		{6DA58957-9C27-4C3F-A86B-41D6ABA100EB}.AppStore|iPhone.ActiveCfg = Release|Any CPU
		{6DA58957-9C27-4C3F-A86B-41D6ABA100EB}.AppStore|iPhone.Build.0 = Release|Any CPU
		{6DA58957-9C27-4C3F-A86B-41D6ABA100EB}.AppStore|iPhoneSimulator.ActiveCfg = Release|Any CPU
		{6DA58957-9C27-4C3F-A86B-41D6ABA100EB}.AppStore|iPhoneSimulator.Build.0 = Release|Any CPU
		{6DA58957-9C27-4C3F-A86B-41D6ABA100EB}.AppStore|x64.ActiveCfg = Release|Any CPU
		{6DA58957-9C27-4C3F-A86B-41D6ABA100EB}.AppStore|x64.Build.0 = Release|Any CPU
		{6DA58957-9C27-4C3F-A86B-41D6ABA100EB}.AppStore|x86.ActiveCfg = Release|Any CPU
		{6DA58957-9C27-4C3F-A86B-41D6ABA100EB}.AppStore|x86.Build.0 = Release|Any CPU
		{6DA58957-9C27-4C3F-A86B-41D6ABA100EB}.Debug|Any CPU.ActiveCfg = Debug|Any CPU
		{6DA58957-9C27-4C3F-A86B-41D6ABA100EB}.Debug|Any CPU.Build.0 = Debug|Any CPU
		{6DA58957-9C27-4C3F-A86B-41D6ABA100EB}.Debug|ARM.ActiveCfg = Debug|Any CPU
		{6DA58957-9C27-4C3F-A86B-41D6ABA100EB}.Debug|ARM.Build.0 = Debug|Any CPU
		{6DA58957-9C27-4C3F-A86B-41D6ABA100EB}.Debug|iPhone.ActiveCfg = Debug|Any CPU
		{6DA58957-9C27-4C3F-A86B-41D6ABA100EB}.Debug|iPhone.Build.0 = Debug|Any CPU
		{6DA58957-9C27-4C3F-A86B-41D6ABA100EB}.Debug|iPhoneSimulator.ActiveCfg = Debug|Any CPU
		{6DA58957-9C27-4C3F-A86B-41D6ABA100EB}.Debug|iPhoneSimulator.Build.0 = Debug|Any CPU
		{6DA58957-9C27-4C3F-A86B-41D6ABA100EB}.Debug|x64.ActiveCfg = Debug|Any CPU
		{6DA58957-9C27-4C3F-A86B-41D6ABA100EB}.Debug|x64.Build.0 = Debug|Any CPU
		{6DA58957-9C27-4C3F-A86B-41D6ABA100EB}.Debug|x86.ActiveCfg = Debug|Any CPU
		{6DA58957-9C27-4C3F-A86B-41D6ABA100EB}.Debug|x86.Build.0 = Debug|Any CPU
		{6DA58957-9C27-4C3F-A86B-41D6ABA100EB}.Release|Any CPU.ActiveCfg = Release|Any CPU
		{6DA58957-9C27-4C3F-A86B-41D6ABA100EB}.Release|Any CPU.Build.0 = Release|Any CPU
		{6DA58957-9C27-4C3F-A86B-41D6ABA100EB}.Release|ARM.ActiveCfg = Release|Any CPU
		{6DA58957-9C27-4C3F-A86B-41D6ABA100EB}.Release|ARM.Build.0 = Release|Any CPU
		{6DA58957-9C27-4C3F-A86B-41D6ABA100EB}.Release|iPhone.ActiveCfg = Release|Any CPU
		{6DA58957-9C27-4C3F-A86B-41D6ABA100EB}.Release|iPhone.Build.0 = Release|Any CPU
		{6DA58957-9C27-4C3F-A86B-41D6ABA100EB}.Release|iPhoneSimulator.ActiveCfg = Release|Any CPU
		{6DA58957-9C27-4C3F-A86B-41D6ABA100EB}.Release|iPhoneSimulator.Build.0 = Release|Any CPU
		{6DA58957-9C27-4C3F-A86B-41D6ABA100EB}.Release|x64.ActiveCfg = Release|Any CPU
		{6DA58957-9C27-4C3F-A86B-41D6ABA100EB}.Release|x64.Build.0 = Release|Any CPU
		{6DA58957-9C27-4C3F-A86B-41D6ABA100EB}.Release|x86.ActiveCfg = Release|Any CPU
		{6DA58957-9C27-4C3F-A86B-41D6ABA100EB}.Release|x86.Build.0 = Release|Any CPU
		{7615D6F3-5496-4E1F-B06F-F1FD2F69E010}.Ad-Hoc|Any CPU.ActiveCfg = Release|Any CPU
		{7615D6F3-5496-4E1F-B06F-F1FD2F69E010}.Ad-Hoc|Any CPU.Build.0 = Release|Any CPU
		{7615D6F3-5496-4E1F-B06F-F1FD2F69E010}.Ad-Hoc|ARM.ActiveCfg = Release|Any CPU
		{7615D6F3-5496-4E1F-B06F-F1FD2F69E010}.Ad-Hoc|ARM.Build.0 = Release|Any CPU
		{7615D6F3-5496-4E1F-B06F-F1FD2F69E010}.Ad-Hoc|iPhone.ActiveCfg = Release|Any CPU
		{7615D6F3-5496-4E1F-B06F-F1FD2F69E010}.Ad-Hoc|iPhone.Build.0 = Release|Any CPU
		{7615D6F3-5496-4E1F-B06F-F1FD2F69E010}.Ad-Hoc|iPhoneSimulator.ActiveCfg = Release|Any CPU
		{7615D6F3-5496-4E1F-B06F-F1FD2F69E010}.Ad-Hoc|iPhoneSimulator.Build.0 = Release|Any CPU
		{7615D6F3-5496-4E1F-B06F-F1FD2F69E010}.Ad-Hoc|x64.ActiveCfg = Release|Any CPU
		{7615D6F3-5496-4E1F-B06F-F1FD2F69E010}.Ad-Hoc|x64.Build.0 = Release|Any CPU
		{7615D6F3-5496-4E1F-B06F-F1FD2F69E010}.Ad-Hoc|x86.ActiveCfg = Release|Any CPU
		{7615D6F3-5496-4E1F-B06F-F1FD2F69E010}.Ad-Hoc|x86.Build.0 = Release|Any CPU
		{7615D6F3-5496-4E1F-B06F-F1FD2F69E010}.AppStore|Any CPU.ActiveCfg = Release|Any CPU
		{7615D6F3-5496-4E1F-B06F-F1FD2F69E010}.AppStore|Any CPU.Build.0 = Release|Any CPU
		{7615D6F3-5496-4E1F-B06F-F1FD2F69E010}.AppStore|ARM.ActiveCfg = Release|Any CPU
		{7615D6F3-5496-4E1F-B06F-F1FD2F69E010}.AppStore|ARM.Build.0 = Release|Any CPU
		{7615D6F3-5496-4E1F-B06F-F1FD2F69E010}.AppStore|iPhone.ActiveCfg = Release|Any CPU
		{7615D6F3-5496-4E1F-B06F-F1FD2F69E010}.AppStore|iPhone.Build.0 = Release|Any CPU
		{7615D6F3-5496-4E1F-B06F-F1FD2F69E010}.AppStore|iPhoneSimulator.ActiveCfg = Release|Any CPU
		{7615D6F3-5496-4E1F-B06F-F1FD2F69E010}.AppStore|iPhoneSimulator.Build.0 = Release|Any CPU
		{7615D6F3-5496-4E1F-B06F-F1FD2F69E010}.AppStore|x64.ActiveCfg = Release|Any CPU
		{7615D6F3-5496-4E1F-B06F-F1FD2F69E010}.AppStore|x64.Build.0 = Release|Any CPU
		{7615D6F3-5496-4E1F-B06F-F1FD2F69E010}.AppStore|x86.ActiveCfg = Release|Any CPU
		{7615D6F3-5496-4E1F-B06F-F1FD2F69E010}.AppStore|x86.Build.0 = Release|Any CPU
		{7615D6F3-5496-4E1F-B06F-F1FD2F69E010}.Debug|Any CPU.ActiveCfg = Debug|Any CPU
		{7615D6F3-5496-4E1F-B06F-F1FD2F69E010}.Debug|Any CPU.Build.0 = Debug|Any CPU
		{7615D6F3-5496-4E1F-B06F-F1FD2F69E010}.Debug|ARM.ActiveCfg = Debug|Any CPU
		{7615D6F3-5496-4E1F-B06F-F1FD2F69E010}.Debug|ARM.Build.0 = Debug|Any CPU
		{7615D6F3-5496-4E1F-B06F-F1FD2F69E010}.Debug|iPhone.ActiveCfg = Debug|Any CPU
		{7615D6F3-5496-4E1F-B06F-F1FD2F69E010}.Debug|iPhone.Build.0 = Debug|Any CPU
		{7615D6F3-5496-4E1F-B06F-F1FD2F69E010}.Debug|iPhoneSimulator.ActiveCfg = Debug|Any CPU
		{7615D6F3-5496-4E1F-B06F-F1FD2F69E010}.Debug|iPhoneSimulator.Build.0 = Debug|Any CPU
		{7615D6F3-5496-4E1F-B06F-F1FD2F69E010}.Debug|x64.ActiveCfg = Debug|Any CPU
		{7615D6F3-5496-4E1F-B06F-F1FD2F69E010}.Debug|x64.Build.0 = Debug|Any CPU
		{7615D6F3-5496-4E1F-B06F-F1FD2F69E010}.Debug|x86.ActiveCfg = Debug|Any CPU
		{7615D6F3-5496-4E1F-B06F-F1FD2F69E010}.Debug|x86.Build.0 = Debug|Any CPU
		{7615D6F3-5496-4E1F-B06F-F1FD2F69E010}.Release|Any CPU.ActiveCfg = Release|Any CPU
		{7615D6F3-5496-4E1F-B06F-F1FD2F69E010}.Release|Any CPU.Build.0 = Release|Any CPU
		{7615D6F3-5496-4E1F-B06F-F1FD2F69E010}.Release|ARM.ActiveCfg = Release|Any CPU
		{7615D6F3-5496-4E1F-B06F-F1FD2F69E010}.Release|ARM.Build.0 = Release|Any CPU
		{7615D6F3-5496-4E1F-B06F-F1FD2F69E010}.Release|iPhone.ActiveCfg = Release|Any CPU
		{7615D6F3-5496-4E1F-B06F-F1FD2F69E010}.Release|iPhone.Build.0 = Release|Any CPU
		{7615D6F3-5496-4E1F-B06F-F1FD2F69E010}.Release|iPhoneSimulator.ActiveCfg = Release|Any CPU
		{7615D6F3-5496-4E1F-B06F-F1FD2F69E010}.Release|iPhoneSimulator.Build.0 = Release|Any CPU
		{7615D6F3-5496-4E1F-B06F-F1FD2F69E010}.Release|x64.ActiveCfg = Release|Any CPU
		{7615D6F3-5496-4E1F-B06F-F1FD2F69E010}.Release|x64.Build.0 = Release|Any CPU
		{7615D6F3-5496-4E1F-B06F-F1FD2F69E010}.Release|x86.ActiveCfg = Release|Any CPU
		{7615D6F3-5496-4E1F-B06F-F1FD2F69E010}.Release|x86.Build.0 = Release|Any CPU
		{946F36BE-32CB-4326-9603-2ECB6A20D86F}.Ad-Hoc|Any CPU.ActiveCfg = Debug|Any CPU
		{946F36BE-32CB-4326-9603-2ECB6A20D86F}.Ad-Hoc|Any CPU.Build.0 = Debug|Any CPU
		{946F36BE-32CB-4326-9603-2ECB6A20D86F}.Ad-Hoc|ARM.ActiveCfg = Debug|Any CPU
		{946F36BE-32CB-4326-9603-2ECB6A20D86F}.Ad-Hoc|ARM.Build.0 = Debug|Any CPU
		{946F36BE-32CB-4326-9603-2ECB6A20D86F}.Ad-Hoc|iPhone.ActiveCfg = Debug|Any CPU
		{946F36BE-32CB-4326-9603-2ECB6A20D86F}.Ad-Hoc|iPhone.Build.0 = Debug|Any CPU
		{946F36BE-32CB-4326-9603-2ECB6A20D86F}.Ad-Hoc|iPhoneSimulator.ActiveCfg = Debug|Any CPU
		{946F36BE-32CB-4326-9603-2ECB6A20D86F}.Ad-Hoc|iPhoneSimulator.Build.0 = Debug|Any CPU
		{946F36BE-32CB-4326-9603-2ECB6A20D86F}.Ad-Hoc|x64.ActiveCfg = Debug|Any CPU
		{946F36BE-32CB-4326-9603-2ECB6A20D86F}.Ad-Hoc|x64.Build.0 = Debug|Any CPU
		{946F36BE-32CB-4326-9603-2ECB6A20D86F}.Ad-Hoc|x86.ActiveCfg = Debug|Any CPU
		{946F36BE-32CB-4326-9603-2ECB6A20D86F}.Ad-Hoc|x86.Build.0 = Debug|Any CPU
		{946F36BE-32CB-4326-9603-2ECB6A20D86F}.AppStore|Any CPU.ActiveCfg = Debug|Any CPU
		{946F36BE-32CB-4326-9603-2ECB6A20D86F}.AppStore|Any CPU.Build.0 = Debug|Any CPU
		{946F36BE-32CB-4326-9603-2ECB6A20D86F}.AppStore|ARM.ActiveCfg = Debug|Any CPU
		{946F36BE-32CB-4326-9603-2ECB6A20D86F}.AppStore|ARM.Build.0 = Debug|Any CPU
		{946F36BE-32CB-4326-9603-2ECB6A20D86F}.AppStore|iPhone.ActiveCfg = Debug|Any CPU
		{946F36BE-32CB-4326-9603-2ECB6A20D86F}.AppStore|iPhone.Build.0 = Debug|Any CPU
		{946F36BE-32CB-4326-9603-2ECB6A20D86F}.AppStore|iPhoneSimulator.ActiveCfg = Debug|Any CPU
		{946F36BE-32CB-4326-9603-2ECB6A20D86F}.AppStore|iPhoneSimulator.Build.0 = Debug|Any CPU
		{946F36BE-32CB-4326-9603-2ECB6A20D86F}.AppStore|x64.ActiveCfg = Debug|Any CPU
		{946F36BE-32CB-4326-9603-2ECB6A20D86F}.AppStore|x64.Build.0 = Debug|Any CPU
		{946F36BE-32CB-4326-9603-2ECB6A20D86F}.AppStore|x86.ActiveCfg = Debug|Any CPU
		{946F36BE-32CB-4326-9603-2ECB6A20D86F}.AppStore|x86.Build.0 = Debug|Any CPU
		{946F36BE-32CB-4326-9603-2ECB6A20D86F}.Debug|Any CPU.ActiveCfg = Debug|Any CPU
		{946F36BE-32CB-4326-9603-2ECB6A20D86F}.Debug|Any CPU.Build.0 = Debug|Any CPU
		{946F36BE-32CB-4326-9603-2ECB6A20D86F}.Debug|ARM.ActiveCfg = Debug|Any CPU
		{946F36BE-32CB-4326-9603-2ECB6A20D86F}.Debug|ARM.Build.0 = Debug|Any CPU
		{946F36BE-32CB-4326-9603-2ECB6A20D86F}.Debug|iPhone.ActiveCfg = Debug|Any CPU
		{946F36BE-32CB-4326-9603-2ECB6A20D86F}.Debug|iPhone.Build.0 = Debug|Any CPU
		{946F36BE-32CB-4326-9603-2ECB6A20D86F}.Debug|iPhoneSimulator.ActiveCfg = Debug|Any CPU
		{946F36BE-32CB-4326-9603-2ECB6A20D86F}.Debug|iPhoneSimulator.Build.0 = Debug|Any CPU
		{946F36BE-32CB-4326-9603-2ECB6A20D86F}.Debug|x64.ActiveCfg = Debug|Any CPU
		{946F36BE-32CB-4326-9603-2ECB6A20D86F}.Debug|x64.Build.0 = Debug|Any CPU
		{946F36BE-32CB-4326-9603-2ECB6A20D86F}.Debug|x86.ActiveCfg = Debug|Any CPU
		{946F36BE-32CB-4326-9603-2ECB6A20D86F}.Debug|x86.Build.0 = Debug|Any CPU
		{946F36BE-32CB-4326-9603-2ECB6A20D86F}.Release|Any CPU.ActiveCfg = Release|Any CPU
		{946F36BE-32CB-4326-9603-2ECB6A20D86F}.Release|Any CPU.Build.0 = Release|Any CPU
		{946F36BE-32CB-4326-9603-2ECB6A20D86F}.Release|ARM.ActiveCfg = Release|Any CPU
		{946F36BE-32CB-4326-9603-2ECB6A20D86F}.Release|ARM.Build.0 = Release|Any CPU
		{946F36BE-32CB-4326-9603-2ECB6A20D86F}.Release|iPhone.ActiveCfg = Release|Any CPU
		{946F36BE-32CB-4326-9603-2ECB6A20D86F}.Release|iPhone.Build.0 = Release|Any CPU
		{946F36BE-32CB-4326-9603-2ECB6A20D86F}.Release|iPhoneSimulator.ActiveCfg = Release|Any CPU
		{946F36BE-32CB-4326-9603-2ECB6A20D86F}.Release|iPhoneSimulator.Build.0 = Release|Any CPU
		{946F36BE-32CB-4326-9603-2ECB6A20D86F}.Release|x64.ActiveCfg = Release|Any CPU
		{946F36BE-32CB-4326-9603-2ECB6A20D86F}.Release|x64.Build.0 = Release|Any CPU
		{946F36BE-32CB-4326-9603-2ECB6A20D86F}.Release|x86.ActiveCfg = Release|Any CPU
		{946F36BE-32CB-4326-9603-2ECB6A20D86F}.Release|x86.Build.0 = Release|Any CPU
		{038E1BC1-7AF5-4846-BBAE-03664E1B04E6}.Ad-Hoc|Any CPU.ActiveCfg = Release|Any CPU
		{038E1BC1-7AF5-4846-BBAE-03664E1B04E6}.Ad-Hoc|Any CPU.Build.0 = Release|Any CPU
		{038E1BC1-7AF5-4846-BBAE-03664E1B04E6}.Ad-Hoc|ARM.ActiveCfg = Release|Any CPU
		{038E1BC1-7AF5-4846-BBAE-03664E1B04E6}.Ad-Hoc|ARM.Build.0 = Release|Any CPU
		{038E1BC1-7AF5-4846-BBAE-03664E1B04E6}.Ad-Hoc|iPhone.ActiveCfg = Release|Any CPU
		{038E1BC1-7AF5-4846-BBAE-03664E1B04E6}.Ad-Hoc|iPhone.Build.0 = Release|Any CPU
		{038E1BC1-7AF5-4846-BBAE-03664E1B04E6}.Ad-Hoc|iPhoneSimulator.ActiveCfg = Release|Any CPU
		{038E1BC1-7AF5-4846-BBAE-03664E1B04E6}.Ad-Hoc|iPhoneSimulator.Build.0 = Release|Any CPU
		{038E1BC1-7AF5-4846-BBAE-03664E1B04E6}.Ad-Hoc|x64.ActiveCfg = Release|Any CPU
		{038E1BC1-7AF5-4846-BBAE-03664E1B04E6}.Ad-Hoc|x64.Build.0 = Release|Any CPU
		{038E1BC1-7AF5-4846-BBAE-03664E1B04E6}.Ad-Hoc|x86.ActiveCfg = Release|Any CPU
		{038E1BC1-7AF5-4846-BBAE-03664E1B04E6}.Ad-Hoc|x86.Build.0 = Release|Any CPU
		{038E1BC1-7AF5-4846-BBAE-03664E1B04E6}.AppStore|Any CPU.ActiveCfg = Release|Any CPU
		{038E1BC1-7AF5-4846-BBAE-03664E1B04E6}.AppStore|Any CPU.Build.0 = Release|Any CPU
		{038E1BC1-7AF5-4846-BBAE-03664E1B04E6}.AppStore|ARM.ActiveCfg = Release|Any CPU
		{038E1BC1-7AF5-4846-BBAE-03664E1B04E6}.AppStore|ARM.Build.0 = Release|Any CPU
		{038E1BC1-7AF5-4846-BBAE-03664E1B04E6}.AppStore|iPhone.ActiveCfg = Release|Any CPU
		{038E1BC1-7AF5-4846-BBAE-03664E1B04E6}.AppStore|iPhone.Build.0 = Release|Any CPU
		{038E1BC1-7AF5-4846-BBAE-03664E1B04E6}.AppStore|iPhoneSimulator.ActiveCfg = Release|Any CPU
		{038E1BC1-7AF5-4846-BBAE-03664E1B04E6}.AppStore|iPhoneSimulator.Build.0 = Release|Any CPU
		{038E1BC1-7AF5-4846-BBAE-03664E1B04E6}.AppStore|x64.ActiveCfg = Release|Any CPU
		{038E1BC1-7AF5-4846-BBAE-03664E1B04E6}.AppStore|x64.Build.0 = Release|Any CPU
		{038E1BC1-7AF5-4846-BBAE-03664E1B04E6}.AppStore|x86.ActiveCfg = Release|Any CPU
		{038E1BC1-7AF5-4846-BBAE-03664E1B04E6}.AppStore|x86.Build.0 = Release|Any CPU
		{038E1BC1-7AF5-4846-BBAE-03664E1B04E6}.Debug|Any CPU.ActiveCfg = Debug|Any CPU
		{038E1BC1-7AF5-4846-BBAE-03664E1B04E6}.Debug|Any CPU.Build.0 = Debug|Any CPU
		{038E1BC1-7AF5-4846-BBAE-03664E1B04E6}.Debug|ARM.ActiveCfg = Debug|Any CPU
		{038E1BC1-7AF5-4846-BBAE-03664E1B04E6}.Debug|ARM.Build.0 = Debug|Any CPU
		{038E1BC1-7AF5-4846-BBAE-03664E1B04E6}.Debug|iPhone.ActiveCfg = Debug|Any CPU
		{038E1BC1-7AF5-4846-BBAE-03664E1B04E6}.Debug|iPhone.Build.0 = Debug|Any CPU
		{038E1BC1-7AF5-4846-BBAE-03664E1B04E6}.Debug|iPhoneSimulator.ActiveCfg = Debug|Any CPU
		{038E1BC1-7AF5-4846-BBAE-03664E1B04E6}.Debug|iPhoneSimulator.Build.0 = Debug|Any CPU
		{038E1BC1-7AF5-4846-BBAE-03664E1B04E6}.Debug|x64.ActiveCfg = Debug|Any CPU
		{038E1BC1-7AF5-4846-BBAE-03664E1B04E6}.Debug|x64.Build.0 = Debug|Any CPU
		{038E1BC1-7AF5-4846-BBAE-03664E1B04E6}.Debug|x86.ActiveCfg = Debug|Any CPU
		{038E1BC1-7AF5-4846-BBAE-03664E1B04E6}.Debug|x86.Build.0 = Debug|Any CPU
		{038E1BC1-7AF5-4846-BBAE-03664E1B04E6}.Release|Any CPU.ActiveCfg = Release|Any CPU
		{038E1BC1-7AF5-4846-BBAE-03664E1B04E6}.Release|Any CPU.Build.0 = Release|Any CPU
		{038E1BC1-7AF5-4846-BBAE-03664E1B04E6}.Release|ARM.ActiveCfg = Release|Any CPU
		{038E1BC1-7AF5-4846-BBAE-03664E1B04E6}.Release|ARM.Build.0 = Release|Any CPU
		{038E1BC1-7AF5-4846-BBAE-03664E1B04E6}.Release|iPhone.ActiveCfg = Release|Any CPU
		{038E1BC1-7AF5-4846-BBAE-03664E1B04E6}.Release|iPhone.Build.0 = Release|Any CPU
		{038E1BC1-7AF5-4846-BBAE-03664E1B04E6}.Release|iPhoneSimulator.ActiveCfg = Release|Any CPU
		{038E1BC1-7AF5-4846-BBAE-03664E1B04E6}.Release|iPhoneSimulator.Build.0 = Release|Any CPU
		{038E1BC1-7AF5-4846-BBAE-03664E1B04E6}.Release|x64.ActiveCfg = Release|Any CPU
		{038E1BC1-7AF5-4846-BBAE-03664E1B04E6}.Release|x64.Build.0 = Release|Any CPU
		{038E1BC1-7AF5-4846-BBAE-03664E1B04E6}.Release|x86.ActiveCfg = Release|Any CPU
		{038E1BC1-7AF5-4846-BBAE-03664E1B04E6}.Release|x86.Build.0 = Release|Any CPU
		{35D26395-936C-4C6C-B8F6-EE14735282A0}.Ad-Hoc|Any CPU.ActiveCfg = Release|Any CPU
		{35D26395-936C-4C6C-B8F6-EE14735282A0}.Ad-Hoc|Any CPU.Build.0 = Release|Any CPU
		{35D26395-936C-4C6C-B8F6-EE14735282A0}.Ad-Hoc|ARM.ActiveCfg = Release|Any CPU
		{35D26395-936C-4C6C-B8F6-EE14735282A0}.Ad-Hoc|ARM.Build.0 = Release|Any CPU
		{35D26395-936C-4C6C-B8F6-EE14735282A0}.Ad-Hoc|iPhone.ActiveCfg = Release|Any CPU
		{35D26395-936C-4C6C-B8F6-EE14735282A0}.Ad-Hoc|iPhone.Build.0 = Release|Any CPU
		{35D26395-936C-4C6C-B8F6-EE14735282A0}.Ad-Hoc|iPhoneSimulator.ActiveCfg = Release|Any CPU
		{35D26395-936C-4C6C-B8F6-EE14735282A0}.Ad-Hoc|iPhoneSimulator.Build.0 = Release|Any CPU
		{35D26395-936C-4C6C-B8F6-EE14735282A0}.Ad-Hoc|x64.ActiveCfg = Release|Any CPU
		{35D26395-936C-4C6C-B8F6-EE14735282A0}.Ad-Hoc|x64.Build.0 = Release|Any CPU
		{35D26395-936C-4C6C-B8F6-EE14735282A0}.Ad-Hoc|x86.ActiveCfg = Release|Any CPU
		{35D26395-936C-4C6C-B8F6-EE14735282A0}.Ad-Hoc|x86.Build.0 = Release|Any CPU
		{35D26395-936C-4C6C-B8F6-EE14735282A0}.AppStore|Any CPU.ActiveCfg = Release|Any CPU
		{35D26395-936C-4C6C-B8F6-EE14735282A0}.AppStore|Any CPU.Build.0 = Release|Any CPU
		{35D26395-936C-4C6C-B8F6-EE14735282A0}.AppStore|ARM.ActiveCfg = Release|Any CPU
		{35D26395-936C-4C6C-B8F6-EE14735282A0}.AppStore|ARM.Build.0 = Release|Any CPU
		{35D26395-936C-4C6C-B8F6-EE14735282A0}.AppStore|iPhone.ActiveCfg = Release|Any CPU
		{35D26395-936C-4C6C-B8F6-EE14735282A0}.AppStore|iPhone.Build.0 = Release|Any CPU
		{35D26395-936C-4C6C-B8F6-EE14735282A0}.AppStore|iPhoneSimulator.ActiveCfg = Release|Any CPU
		{35D26395-936C-4C6C-B8F6-EE14735282A0}.AppStore|iPhoneSimulator.Build.0 = Release|Any CPU
		{35D26395-936C-4C6C-B8F6-EE14735282A0}.AppStore|x64.ActiveCfg = Release|Any CPU
		{35D26395-936C-4C6C-B8F6-EE14735282A0}.AppStore|x64.Build.0 = Release|Any CPU
		{35D26395-936C-4C6C-B8F6-EE14735282A0}.AppStore|x86.ActiveCfg = Release|Any CPU
		{35D26395-936C-4C6C-B8F6-EE14735282A0}.AppStore|x86.Build.0 = Release|Any CPU
		{35D26395-936C-4C6C-B8F6-EE14735282A0}.Debug|Any CPU.ActiveCfg = Debug|Any CPU
		{35D26395-936C-4C6C-B8F6-EE14735282A0}.Debug|Any CPU.Build.0 = Debug|Any CPU
		{35D26395-936C-4C6C-B8F6-EE14735282A0}.Debug|ARM.ActiveCfg = Debug|Any CPU
		{35D26395-936C-4C6C-B8F6-EE14735282A0}.Debug|ARM.Build.0 = Debug|Any CPU
		{35D26395-936C-4C6C-B8F6-EE14735282A0}.Debug|iPhone.ActiveCfg = Debug|Any CPU
		{35D26395-936C-4C6C-B8F6-EE14735282A0}.Debug|iPhone.Build.0 = Debug|Any CPU
		{35D26395-936C-4C6C-B8F6-EE14735282A0}.Debug|iPhoneSimulator.ActiveCfg = Debug|Any CPU
		{35D26395-936C-4C6C-B8F6-EE14735282A0}.Debug|iPhoneSimulator.Build.0 = Debug|Any CPU
		{35D26395-936C-4C6C-B8F6-EE14735282A0}.Debug|x64.ActiveCfg = Debug|Any CPU
		{35D26395-936C-4C6C-B8F6-EE14735282A0}.Debug|x64.Build.0 = Debug|Any CPU
		{35D26395-936C-4C6C-B8F6-EE14735282A0}.Debug|x86.ActiveCfg = Debug|Any CPU
		{35D26395-936C-4C6C-B8F6-EE14735282A0}.Debug|x86.Build.0 = Debug|Any CPU
		{35D26395-936C-4C6C-B8F6-EE14735282A0}.Release|Any CPU.ActiveCfg = Release|Any CPU
		{35D26395-936C-4C6C-B8F6-EE14735282A0}.Release|Any CPU.Build.0 = Release|Any CPU
		{35D26395-936C-4C6C-B8F6-EE14735282A0}.Release|ARM.ActiveCfg = Release|Any CPU
		{35D26395-936C-4C6C-B8F6-EE14735282A0}.Release|ARM.Build.0 = Release|Any CPU
		{35D26395-936C-4C6C-B8F6-EE14735282A0}.Release|iPhone.ActiveCfg = Release|Any CPU
		{35D26395-936C-4C6C-B8F6-EE14735282A0}.Release|iPhone.Build.0 = Release|Any CPU
		{35D26395-936C-4C6C-B8F6-EE14735282A0}.Release|iPhoneSimulator.ActiveCfg = Release|Any CPU
		{35D26395-936C-4C6C-B8F6-EE14735282A0}.Release|iPhoneSimulator.Build.0 = Release|Any CPU
		{35D26395-936C-4C6C-B8F6-EE14735282A0}.Release|x64.ActiveCfg = Release|Any CPU
		{35D26395-936C-4C6C-B8F6-EE14735282A0}.Release|x64.Build.0 = Release|Any CPU
		{35D26395-936C-4C6C-B8F6-EE14735282A0}.Release|x86.ActiveCfg = Release|Any CPU
		{35D26395-936C-4C6C-B8F6-EE14735282A0}.Release|x86.Build.0 = Release|Any CPU
		{D7967708-F895-45F0-87CB-2615E0885AF1}.Ad-Hoc|Any CPU.ActiveCfg = Release|Any CPU
		{D7967708-F895-45F0-87CB-2615E0885AF1}.Ad-Hoc|Any CPU.Build.0 = Release|Any CPU
		{D7967708-F895-45F0-87CB-2615E0885AF1}.Ad-Hoc|ARM.ActiveCfg = Release|Any CPU
		{D7967708-F895-45F0-87CB-2615E0885AF1}.Ad-Hoc|ARM.Build.0 = Release|Any CPU
		{D7967708-F895-45F0-87CB-2615E0885AF1}.Ad-Hoc|iPhone.ActiveCfg = Release|Any CPU
		{D7967708-F895-45F0-87CB-2615E0885AF1}.Ad-Hoc|iPhone.Build.0 = Release|Any CPU
		{D7967708-F895-45F0-87CB-2615E0885AF1}.Ad-Hoc|iPhoneSimulator.ActiveCfg = Release|Any CPU
		{D7967708-F895-45F0-87CB-2615E0885AF1}.Ad-Hoc|iPhoneSimulator.Build.0 = Release|Any CPU
		{D7967708-F895-45F0-87CB-2615E0885AF1}.Ad-Hoc|x64.ActiveCfg = Release|Any CPU
		{D7967708-F895-45F0-87CB-2615E0885AF1}.Ad-Hoc|x64.Build.0 = Release|Any CPU
		{D7967708-F895-45F0-87CB-2615E0885AF1}.Ad-Hoc|x86.ActiveCfg = Release|Any CPU
		{D7967708-F895-45F0-87CB-2615E0885AF1}.Ad-Hoc|x86.Build.0 = Release|Any CPU
		{D7967708-F895-45F0-87CB-2615E0885AF1}.AppStore|Any CPU.ActiveCfg = Release|Any CPU
		{D7967708-F895-45F0-87CB-2615E0885AF1}.AppStore|Any CPU.Build.0 = Release|Any CPU
		{D7967708-F895-45F0-87CB-2615E0885AF1}.AppStore|ARM.ActiveCfg = Release|Any CPU
		{D7967708-F895-45F0-87CB-2615E0885AF1}.AppStore|ARM.Build.0 = Release|Any CPU
		{D7967708-F895-45F0-87CB-2615E0885AF1}.AppStore|iPhone.ActiveCfg = Release|Any CPU
		{D7967708-F895-45F0-87CB-2615E0885AF1}.AppStore|iPhone.Build.0 = Release|Any CPU
		{D7967708-F895-45F0-87CB-2615E0885AF1}.AppStore|iPhoneSimulator.ActiveCfg = Release|Any CPU
		{D7967708-F895-45F0-87CB-2615E0885AF1}.AppStore|iPhoneSimulator.Build.0 = Release|Any CPU
		{D7967708-F895-45F0-87CB-2615E0885AF1}.AppStore|x64.ActiveCfg = Release|Any CPU
		{D7967708-F895-45F0-87CB-2615E0885AF1}.AppStore|x64.Build.0 = Release|Any CPU
		{D7967708-F895-45F0-87CB-2615E0885AF1}.AppStore|x86.ActiveCfg = Release|Any CPU
		{D7967708-F895-45F0-87CB-2615E0885AF1}.AppStore|x86.Build.0 = Release|Any CPU
		{D7967708-F895-45F0-87CB-2615E0885AF1}.Debug|Any CPU.ActiveCfg = Debug|Any CPU
		{D7967708-F895-45F0-87CB-2615E0885AF1}.Debug|Any CPU.Build.0 = Debug|Any CPU
		{D7967708-F895-45F0-87CB-2615E0885AF1}.Debug|ARM.ActiveCfg = Debug|Any CPU
		{D7967708-F895-45F0-87CB-2615E0885AF1}.Debug|ARM.Build.0 = Debug|Any CPU
		{D7967708-F895-45F0-87CB-2615E0885AF1}.Debug|iPhone.ActiveCfg = Debug|Any CPU
		{D7967708-F895-45F0-87CB-2615E0885AF1}.Debug|iPhone.Build.0 = Debug|Any CPU
		{D7967708-F895-45F0-87CB-2615E0885AF1}.Debug|iPhoneSimulator.ActiveCfg = Debug|Any CPU
		{D7967708-F895-45F0-87CB-2615E0885AF1}.Debug|iPhoneSimulator.Build.0 = Debug|Any CPU
		{D7967708-F895-45F0-87CB-2615E0885AF1}.Debug|x64.ActiveCfg = Debug|Any CPU
		{D7967708-F895-45F0-87CB-2615E0885AF1}.Debug|x64.Build.0 = Debug|Any CPU
		{D7967708-F895-45F0-87CB-2615E0885AF1}.Debug|x86.ActiveCfg = Debug|Any CPU
		{D7967708-F895-45F0-87CB-2615E0885AF1}.Debug|x86.Build.0 = Debug|Any CPU
		{D7967708-F895-45F0-87CB-2615E0885AF1}.Release|Any CPU.ActiveCfg = Release|Any CPU
		{D7967708-F895-45F0-87CB-2615E0885AF1}.Release|Any CPU.Build.0 = Release|Any CPU
		{D7967708-F895-45F0-87CB-2615E0885AF1}.Release|ARM.ActiveCfg = Release|Any CPU
		{D7967708-F895-45F0-87CB-2615E0885AF1}.Release|ARM.Build.0 = Release|Any CPU
		{D7967708-F895-45F0-87CB-2615E0885AF1}.Release|iPhone.ActiveCfg = Release|Any CPU
		{D7967708-F895-45F0-87CB-2615E0885AF1}.Release|iPhone.Build.0 = Release|Any CPU
		{D7967708-F895-45F0-87CB-2615E0885AF1}.Release|iPhoneSimulator.ActiveCfg = Release|Any CPU
		{D7967708-F895-45F0-87CB-2615E0885AF1}.Release|iPhoneSimulator.Build.0 = Release|Any CPU
		{D7967708-F895-45F0-87CB-2615E0885AF1}.Release|x64.ActiveCfg = Release|Any CPU
		{D7967708-F895-45F0-87CB-2615E0885AF1}.Release|x64.Build.0 = Release|Any CPU
		{D7967708-F895-45F0-87CB-2615E0885AF1}.Release|x86.ActiveCfg = Release|Any CPU
		{D7967708-F895-45F0-87CB-2615E0885AF1}.Release|x86.Build.0 = Release|Any CPU
		{A650F07D-8235-4ADA-9DF8-E8776481CD5C}.Ad-Hoc|Any CPU.ActiveCfg = Debug|Any CPU
		{A650F07D-8235-4ADA-9DF8-E8776481CD5C}.Ad-Hoc|Any CPU.Build.0 = Debug|Any CPU
		{A650F07D-8235-4ADA-9DF8-E8776481CD5C}.Ad-Hoc|ARM.ActiveCfg = Debug|Any CPU
		{A650F07D-8235-4ADA-9DF8-E8776481CD5C}.Ad-Hoc|ARM.Build.0 = Debug|Any CPU
		{A650F07D-8235-4ADA-9DF8-E8776481CD5C}.Ad-Hoc|iPhone.ActiveCfg = Debug|Any CPU
		{A650F07D-8235-4ADA-9DF8-E8776481CD5C}.Ad-Hoc|iPhone.Build.0 = Debug|Any CPU
		{A650F07D-8235-4ADA-9DF8-E8776481CD5C}.Ad-Hoc|iPhoneSimulator.ActiveCfg = Debug|Any CPU
		{A650F07D-8235-4ADA-9DF8-E8776481CD5C}.Ad-Hoc|iPhoneSimulator.Build.0 = Debug|Any CPU
		{A650F07D-8235-4ADA-9DF8-E8776481CD5C}.Ad-Hoc|x64.ActiveCfg = Debug|Any CPU
		{A650F07D-8235-4ADA-9DF8-E8776481CD5C}.Ad-Hoc|x64.Build.0 = Debug|Any CPU
		{A650F07D-8235-4ADA-9DF8-E8776481CD5C}.Ad-Hoc|x86.ActiveCfg = Debug|Any CPU
		{A650F07D-8235-4ADA-9DF8-E8776481CD5C}.Ad-Hoc|x86.Build.0 = Debug|Any CPU
		{A650F07D-8235-4ADA-9DF8-E8776481CD5C}.AppStore|Any CPU.ActiveCfg = Debug|Any CPU
		{A650F07D-8235-4ADA-9DF8-E8776481CD5C}.AppStore|Any CPU.Build.0 = Debug|Any CPU
		{A650F07D-8235-4ADA-9DF8-E8776481CD5C}.AppStore|ARM.ActiveCfg = Debug|Any CPU
		{A650F07D-8235-4ADA-9DF8-E8776481CD5C}.AppStore|ARM.Build.0 = Debug|Any CPU
		{A650F07D-8235-4ADA-9DF8-E8776481CD5C}.AppStore|iPhone.ActiveCfg = Debug|Any CPU
		{A650F07D-8235-4ADA-9DF8-E8776481CD5C}.AppStore|iPhone.Build.0 = Debug|Any CPU
		{A650F07D-8235-4ADA-9DF8-E8776481CD5C}.AppStore|iPhoneSimulator.ActiveCfg = Debug|Any CPU
		{A650F07D-8235-4ADA-9DF8-E8776481CD5C}.AppStore|iPhoneSimulator.Build.0 = Debug|Any CPU
		{A650F07D-8235-4ADA-9DF8-E8776481CD5C}.AppStore|x64.ActiveCfg = Debug|Any CPU
		{A650F07D-8235-4ADA-9DF8-E8776481CD5C}.AppStore|x64.Build.0 = Debug|Any CPU
		{A650F07D-8235-4ADA-9DF8-E8776481CD5C}.AppStore|x86.ActiveCfg = Debug|Any CPU
		{A650F07D-8235-4ADA-9DF8-E8776481CD5C}.AppStore|x86.Build.0 = Debug|Any CPU
		{A650F07D-8235-4ADA-9DF8-E8776481CD5C}.Debug|Any CPU.ActiveCfg = Debug|Any CPU
		{A650F07D-8235-4ADA-9DF8-E8776481CD5C}.Debug|Any CPU.Build.0 = Debug|Any CPU
		{A650F07D-8235-4ADA-9DF8-E8776481CD5C}.Debug|ARM.ActiveCfg = Debug|Any CPU
		{A650F07D-8235-4ADA-9DF8-E8776481CD5C}.Debug|ARM.Build.0 = Debug|Any CPU
		{A650F07D-8235-4ADA-9DF8-E8776481CD5C}.Debug|iPhone.ActiveCfg = Debug|Any CPU
		{A650F07D-8235-4ADA-9DF8-E8776481CD5C}.Debug|iPhone.Build.0 = Debug|Any CPU
		{A650F07D-8235-4ADA-9DF8-E8776481CD5C}.Debug|iPhoneSimulator.ActiveCfg = Debug|Any CPU
		{A650F07D-8235-4ADA-9DF8-E8776481CD5C}.Debug|iPhoneSimulator.Build.0 = Debug|Any CPU
		{A650F07D-8235-4ADA-9DF8-E8776481CD5C}.Debug|x64.ActiveCfg = Debug|Any CPU
		{A650F07D-8235-4ADA-9DF8-E8776481CD5C}.Debug|x64.Build.0 = Debug|Any CPU
		{A650F07D-8235-4ADA-9DF8-E8776481CD5C}.Debug|x86.ActiveCfg = Debug|Any CPU
		{A650F07D-8235-4ADA-9DF8-E8776481CD5C}.Debug|x86.Build.0 = Debug|Any CPU
		{A650F07D-8235-4ADA-9DF8-E8776481CD5C}.Release|Any CPU.ActiveCfg = Release|Any CPU
		{A650F07D-8235-4ADA-9DF8-E8776481CD5C}.Release|Any CPU.Build.0 = Release|Any CPU
		{A650F07D-8235-4ADA-9DF8-E8776481CD5C}.Release|ARM.ActiveCfg = Release|Any CPU
		{A650F07D-8235-4ADA-9DF8-E8776481CD5C}.Release|ARM.Build.0 = Release|Any CPU
		{A650F07D-8235-4ADA-9DF8-E8776481CD5C}.Release|iPhone.ActiveCfg = Release|Any CPU
		{A650F07D-8235-4ADA-9DF8-E8776481CD5C}.Release|iPhone.Build.0 = Release|Any CPU
		{A650F07D-8235-4ADA-9DF8-E8776481CD5C}.Release|iPhoneSimulator.ActiveCfg = Release|Any CPU
		{A650F07D-8235-4ADA-9DF8-E8776481CD5C}.Release|iPhoneSimulator.Build.0 = Release|Any CPU
		{A650F07D-8235-4ADA-9DF8-E8776481CD5C}.Release|x64.ActiveCfg = Release|Any CPU
		{A650F07D-8235-4ADA-9DF8-E8776481CD5C}.Release|x64.Build.0 = Release|Any CPU
		{A650F07D-8235-4ADA-9DF8-E8776481CD5C}.Release|x86.ActiveCfg = Release|Any CPU
		{A650F07D-8235-4ADA-9DF8-E8776481CD5C}.Release|x86.Build.0 = Release|Any CPU
	EndGlobalSection
	GlobalSection(SolutionProperties) = preSolution
		HideSolutionNode = FALSE
	EndGlobalSection
	GlobalSection(NestedProjects) = preSolution
		{2573DD6C-7C0C-412C-8234-746BE9DF9134} = {35F56F3A-B42B-4DF5-8674-D4D4A47E0074}
		{EE82B8ED-7A2C-4FAC-8D9A-7B6C184C1927} = {35F56F3A-B42B-4DF5-8674-D4D4A47E0074}
		{9F92E0E7-58B8-4C28-840D-96E9301A19BD} = {35F56F3A-B42B-4DF5-8674-D4D4A47E0074}
		{EDE62F62-ADF2-4927-B776-4F485375DD3C} = {35F56F3A-B42B-4DF5-8674-D4D4A47E0074}
		{1340A172-6892-4133-8980-F6C56F545BF1} = {EF0BDE8E-063D-4E8B-BC3F-63182F19EEC8}
		{84BBFD01-BE0B-45C5-ACDF-E839B3AEC0FD} = {35F56F3A-B42B-4DF5-8674-D4D4A47E0074}
		{082267A0-0CF9-45C1-93CD-CA1B3C493D6B} = {35F56F3A-B42B-4DF5-8674-D4D4A47E0074}
		{F0D28048-343E-4A40-A509-8FF100DEDE18} = {35F56F3A-B42B-4DF5-8674-D4D4A47E0074}
		{95EBCDB7-9C82-492F-AA53-A3D9203E08A8} = {35F56F3A-B42B-4DF5-8674-D4D4A47E0074}
		{5D0ED492-53CF-4500-9F0D-B7E6889BA0D1} = {3030B2C9-AC8A-4A47-8DC2-D3696FBD8C4E}
		{6DA58957-9C27-4C3F-A86B-41D6ABA100EB} = {EF0BDE8E-063D-4E8B-BC3F-63182F19EEC8}
		{7615D6F3-5496-4E1F-B06F-F1FD2F69E010} = {EF0BDE8E-063D-4E8B-BC3F-63182F19EEC8}
		{946F36BE-32CB-4326-9603-2ECB6A20D86F} = {48E945C6-7482-48A5-B0EC-38EE1DCAD5D7}
		{038E1BC1-7AF5-4846-BBAE-03664E1B04E6} = {EF0BDE8E-063D-4E8B-BC3F-63182F19EEC8}
		{35D26395-936C-4C6C-B8F6-EE14735282A0} = {EF0BDE8E-063D-4E8B-BC3F-63182F19EEC8}
		{D7967708-F895-45F0-87CB-2615E0885AF1} = {EF0BDE8E-063D-4E8B-BC3F-63182F19EEC8}
		{A650F07D-8235-4ADA-9DF8-E8776481CD5C} = {35F56F3A-B42B-4DF5-8674-D4D4A47E0074}
	EndGlobalSection
	GlobalSection(ExtensibilityGlobals) = postSolution
		SolutionGuid = {5514215D-9B69-4201-879A-344DA4F46D70}
	EndGlobalSection
EndGlobal
